// !$*UTF8*$!
{
	archiveVersion = 1;
	classes = {
	};
	objectVersion = 56;
	objects = {

/* Begin PBXBuildFile section */
		530E34202C00795B008B84DF /* AppDelegate.swift in Sources */ = {isa = PBXBuildFile; fileRef = 530E341F2C00795B008B84DF /* AppDelegate.swift */; };
		530E34222C00795B008B84DF /* SceneDelegate.swift in Sources */ = {isa = PBXBuildFile; fileRef = 530E34212C00795B008B84DF /* SceneDelegate.swift */; };
		530E34242C00795B008B84DF /* ViewController.swift in Sources */ = {isa = PBXBuildFile; fileRef = 530E34232C00795B008B84DF /* ViewController.swift */; };
		530E34272C00795B008B84DF /* Base in Resources */ = {isa = PBXBuildFile; fileRef = 530E34262C00795B008B84DF /* Base */; };
		530E34292C00795D008B84DF /* Assets.xcassets in Resources */ = {isa = PBXBuildFile; fileRef = 530E34282C00795D008B84DF /* Assets.xcassets */; };
		530E342C2C00795D008B84DF /* Base in Resources */ = {isa = PBXBuildFile; fileRef = 530E342B2C00795D008B84DF /* Base */; };
		530E34342C0079C8008B84DF /* MagazineInfoTableViewController.swift in Sources */ = {isa = PBXBuildFile; fileRef = 530E34332C0079C8008B84DF /* MagazineInfoTableViewController.swift */; };
		530E34362C0079E7008B84DF /* MagazineInfoTableViewCell.swift in Sources */ = {isa = PBXBuildFile; fileRef = 530E34352C0079E7008B84DF /* MagazineInfoTableViewCell.swift */; };
		530E34392C008183008B84DF /* Kingfisher in Frameworks */ = {isa = PBXBuildFile; productRef = 530E34382C008183008B84DF /* Kingfisher */; };
		530E343C2C00865F008B84DF /* KingfisherWebP in Frameworks */ = {isa = PBXBuildFile; productRef = 530E343B2C00865F008B84DF /* KingfisherWebP */; };
		5346E4EF2C07150400FFC06E /* SightViewController.swift in Sources */ = {isa = PBXBuildFile; fileRef = 5346E4EE2C07150400FFC06E /* SightViewController.swift */; };
		5346E4F12C07150D00FFC06E /* AdViewController.swift in Sources */ = {isa = PBXBuildFile; fileRef = 5346E4F02C07150D00FFC06E /* AdViewController.swift */; };
		5346E4F42C071F8600FFC06E /* TravelInfoViewController.swift in Sources */ = {isa = PBXBuildFile; fileRef = 5346E4F32C071F8600FFC06E /* TravelInfoViewController.swift */; };
		5346E4F72C07208900FFC06E /* TravelInfoTableViewCell.swift in Sources */ = {isa = PBXBuildFile; fileRef = 5346E4F52C07208900FFC06E /* TravelInfoTableViewCell.swift */; };
		5346E4F82C07208900FFC06E /* TravelInfoTableViewCell.xib in Resources */ = {isa = PBXBuildFile; fileRef = 5346E4F62C07208900FFC06E /* TravelInfoTableViewCell.xib */; };
		5346E4FA2C0720FF00FFC06E /* CityInfo.swift in Sources */ = {isa = PBXBuildFile; fileRef = 5346E4F92C0720FF00FFC06E /* CityInfo.swift */; };
		535390702C08FABE00A9396E /* UIFont+Extension.swift in Sources */ = {isa = PBXBuildFile; fileRef = 5353906F2C08FABE00A9396E /* UIFont+Extension.swift */; };
		5365089C2C04FCB700218E11 /* AdTableViewCell.xib in Resources */ = {isa = PBXBuildFile; fileRef = 5365089B2C04FCB700218E11 /* AdTableViewCell.xib */; };
		5365089D2C04FCB700218E11 /* AdTableViewCell.swift in Sources */ = {isa = PBXBuildFile; fileRef = 5365089A2C04FCB700218E11 /* AdTableViewCell.swift */; };
		537B66A52C05C4A90055649C /* RestaurantViewController.swift in Sources */ = {isa = PBXBuildFile; fileRef = 537B66A42C05C4A90055649C /* RestaurantViewController.swift */; };
		537B66A82C05C54A0055649C /* RestaurantTableViewCell.swift in Sources */ = {isa = PBXBuildFile; fileRef = 537B66A62C05C54A0055649C /* RestaurantTableViewCell.swift */; };
		537B66A92C05C54A0055649C /* RestaurantTableViewCell.xib in Resources */ = {isa = PBXBuildFile; fileRef = 537B66A72C05C54A0055649C /* RestaurantTableViewCell.xib */; };
		53B20D532C0AC4CD00B9B2F0 /* RestaurantList.swift in Sources */ = {isa = PBXBuildFile; fileRef = 53B20D522C0AC4CD00B9B2F0 /* RestaurantList.swift */; };
		53B20D552C0AD70D00B9B2F0 /* ReuseIdentifiable.swift in Sources */ = {isa = PBXBuildFile; fileRef = 53B20D542C0AD70D00B9B2F0 /* ReuseIdentifiable.swift */; };
		53B20D572C0AD72B00B9B2F0 /* MapViewController.swift in Sources */ = {isa = PBXBuildFile; fileRef = 53B20D562C0AD72B00B9B2F0 /* MapViewController.swift */; };
		53BF830D2C04EF0E00EF0F10 /* CityViewController.swift in Sources */ = {isa = PBXBuildFile; fileRef = 53BF830C2C04EF0E00EF0F10 /* CityViewController.swift */; };
		53BF83102C04EFCD00EF0F10 /* CityTableViewCell.swift in Sources */ = {isa = PBXBuildFile; fileRef = 53BF830E2C04EFCD00EF0F10 /* CityTableViewCell.swift */; };
		53BF83112C04EFCD00EF0F10 /* CityTableViewCell.xib in Resources */ = {isa = PBXBuildFile; fileRef = 53BF830F2C04EFCD00EF0F10 /* CityTableViewCell.xib */; };
/* End PBXBuildFile section */

/* Begin PBXFileReference section */
		530E341C2C00795B008B84DF /* 0524.app */ = {isa = PBXFileReference; explicitFileType = wrapper.application; includeInIndex = 0; path = 0524.app; sourceTree = BUILT_PRODUCTS_DIR; };
		530E341F2C00795B008B84DF /* AppDelegate.swift */ = {isa = PBXFileReference; lastKnownFileType = sourcecode.swift; path = AppDelegate.swift; sourceTree = "<group>"; };
		530E34212C00795B008B84DF /* SceneDelegate.swift */ = {isa = PBXFileReference; lastKnownFileType = sourcecode.swift; path = SceneDelegate.swift; sourceTree = "<group>"; };
		530E34232C00795B008B84DF /* ViewController.swift */ = {isa = PBXFileReference; lastKnownFileType = sourcecode.swift; path = ViewController.swift; sourceTree = "<group>"; };
		530E34262C00795B008B84DF /* Base */ = {isa = PBXFileReference; lastKnownFileType = file.storyboard; name = Base; path = Base.lproj/Main.storyboard; sourceTree = "<group>"; };
		530E34282C00795D008B84DF /* Assets.xcassets */ = {isa = PBXFileReference; lastKnownFileType = folder.assetcatalog; path = Assets.xcassets; sourceTree = "<group>"; };
		530E342B2C00795D008B84DF /* Base */ = {isa = PBXFileReference; lastKnownFileType = file.storyboard; name = Base; path = Base.lproj/LaunchScreen.storyboard; sourceTree = "<group>"; };
		530E342D2C00795D008B84DF /* Info.plist */ = {isa = PBXFileReference; lastKnownFileType = text.plist.xml; path = Info.plist; sourceTree = "<group>"; };
		530E34332C0079C8008B84DF /* MagazineInfoTableViewController.swift */ = {isa = PBXFileReference; lastKnownFileType = sourcecode.swift; path = MagazineInfoTableViewController.swift; sourceTree = "<group>"; };
		530E34352C0079E7008B84DF /* MagazineInfoTableViewCell.swift */ = {isa = PBXFileReference; lastKnownFileType = sourcecode.swift; path = MagazineInfoTableViewCell.swift; sourceTree = "<group>"; };
		5346E4EE2C07150400FFC06E /* SightViewController.swift */ = {isa = PBXFileReference; lastKnownFileType = sourcecode.swift; path = SightViewController.swift; sourceTree = "<group>"; };
		5346E4F02C07150D00FFC06E /* AdViewController.swift */ = {isa = PBXFileReference; lastKnownFileType = sourcecode.swift; path = AdViewController.swift; sourceTree = "<group>"; };
		5346E4F32C071F8600FFC06E /* TravelInfoViewController.swift */ = {isa = PBXFileReference; lastKnownFileType = sourcecode.swift; path = TravelInfoViewController.swift; sourceTree = "<group>"; };
		5346E4F52C07208900FFC06E /* TravelInfoTableViewCell.swift */ = {isa = PBXFileReference; lastKnownFileType = sourcecode.swift; path = TravelInfoTableViewCell.swift; sourceTree = "<group>"; };
		5346E4F62C07208900FFC06E /* TravelInfoTableViewCell.xib */ = {isa = PBXFileReference; lastKnownFileType = file.xib; path = TravelInfoTableViewCell.xib; sourceTree = "<group>"; };
		5346E4F92C0720FF00FFC06E /* CityInfo.swift */ = {isa = PBXFileReference; fileEncoding = 4; lastKnownFileType = sourcecode.swift; path = CityInfo.swift; sourceTree = "<group>"; };
		5353906F2C08FABE00A9396E /* UIFont+Extension.swift */ = {isa = PBXFileReference; lastKnownFileType = sourcecode.swift; path = "UIFont+Extension.swift"; sourceTree = "<group>"; };
		5365089A2C04FCB700218E11 /* AdTableViewCell.swift */ = {isa = PBXFileReference; lastKnownFileType = sourcecode.swift; path = AdTableViewCell.swift; sourceTree = "<group>"; };
		5365089B2C04FCB700218E11 /* AdTableViewCell.xib */ = {isa = PBXFileReference; lastKnownFileType = file.xib; path = AdTableViewCell.xib; sourceTree = "<group>"; };
		537B66A42C05C4A90055649C /* RestaurantViewController.swift */ = {isa = PBXFileReference; lastKnownFileType = sourcecode.swift; path = RestaurantViewController.swift; sourceTree = "<group>"; };
		537B66A62C05C54A0055649C /* RestaurantTableViewCell.swift */ = {isa = PBXFileReference; lastKnownFileType = sourcecode.swift; path = RestaurantTableViewCell.swift; sourceTree = "<group>"; };
		537B66A72C05C54A0055649C /* RestaurantTableViewCell.xib */ = {isa = PBXFileReference; lastKnownFileType = file.xib; path = RestaurantTableViewCell.xib; sourceTree = "<group>"; };
		53B20D522C0AC4CD00B9B2F0 /* RestaurantList.swift */ = {isa = PBXFileReference; lastKnownFileType = sourcecode.swift; path = RestaurantList.swift; sourceTree = "<group>"; };
		53B20D542C0AD70D00B9B2F0 /* ReuseIdentifiable.swift */ = {isa = PBXFileReference; lastKnownFileType = sourcecode.swift; path = ReuseIdentifiable.swift; sourceTree = "<group>"; };
		53B20D562C0AD72B00B9B2F0 /* MapViewController.swift */ = {isa = PBXFileReference; lastKnownFileType = sourcecode.swift; path = MapViewController.swift; sourceTree = "<group>"; };
		53BF830C2C04EF0E00EF0F10 /* CityViewController.swift */ = {isa = PBXFileReference; lastKnownFileType = sourcecode.swift; path = CityViewController.swift; sourceTree = "<group>"; };
		53BF830E2C04EFCD00EF0F10 /* CityTableViewCell.swift */ = {isa = PBXFileReference; lastKnownFileType = sourcecode.swift; path = CityTableViewCell.swift; sourceTree = "<group>"; };
		53BF830F2C04EFCD00EF0F10 /* CityTableViewCell.xib */ = {isa = PBXFileReference; lastKnownFileType = file.xib; path = CityTableViewCell.xib; sourceTree = "<group>"; };
/* End PBXFileReference section */

/* Begin PBXFrameworksBuildPhase section */
		530E34192C00795B008B84DF /* Frameworks */ = {
			isa = PBXFrameworksBuildPhase;
			buildActionMask = 2147483647;
			files = (
				530E343C2C00865F008B84DF /* KingfisherWebP in Frameworks */,
				530E34392C008183008B84DF /* Kingfisher in Frameworks */,
			);
			runOnlyForDeploymentPostprocessing = 0;
		};
/* End PBXFrameworksBuildPhase section */

/* Begin PBXGroup section */
		530E34132C00795B008B84DF = {
			isa = PBXGroup;
			children = (
				530E341E2C00795B008B84DF /* 0524 */,
				530E341D2C00795B008B84DF /* Products */,
			);
			sourceTree = "<group>";
		};
		530E341D2C00795B008B84DF /* Products */ = {
			isa = PBXGroup;
			children = (
				530E341C2C00795B008B84DF /* 0524.app */,
			);
			name = Products;
			sourceTree = "<group>";
		};
		530E341E2C00795B008B84DF /* 0524 */ = {
			isa = PBXGroup;
			children = (
				5346E4F22C071F6300FFC06E /* TravelInfo */,
				530E34252C00795B008B84DF /* Main.storyboard */,
				5346E4ED2C0713A700FFC06E /* Restaurant */,
				5346E4EC2C07139E00FFC06E /* City */,
				5346E4EB2C07139200FFC06E /* Magazine */,
				530E341F2C00795B008B84DF /* AppDelegate.swift */,
				530E34212C00795B008B84DF /* SceneDelegate.swift */,
				530E34232C00795B008B84DF /* ViewController.swift */,
				530E34282C00795D008B84DF /* Assets.xcassets */,
				530E342A2C00795D008B84DF /* LaunchScreen.storyboard */,
				530E342D2C00795D008B84DF /* Info.plist */,
				5353906F2C08FABE00A9396E /* UIFont+Extension.swift */,
				53B20D542C0AD70D00B9B2F0 /* ReuseIdentifiable.swift */,
			);
			path = 0524;
			sourceTree = "<group>";
		};
		5346E4EB2C07139200FFC06E /* Magazine */ = {
			isa = PBXGroup;
			children = (
				530E34332C0079C8008B84DF /* MagazineInfoTableViewController.swift */,
				530E34352C0079E7008B84DF /* MagazineInfoTableViewCell.swift */,
			);
			path = Magazine;
			sourceTree = "<group>";
		};
		5346E4EC2C07139E00FFC06E /* City */ = {
			isa = PBXGroup;
			children = (
				53BF830C2C04EF0E00EF0F10 /* CityViewController.swift */,
				53BF830E2C04EFCD00EF0F10 /* CityTableViewCell.swift */,
				53BF830F2C04EFCD00EF0F10 /* CityTableViewCell.xib */,
				5365089A2C04FCB700218E11 /* AdTableViewCell.swift */,
				5365089B2C04FCB700218E11 /* AdTableViewCell.xib */,
				5346E4EE2C07150400FFC06E /* SightViewController.swift */,
				5346E4F02C07150D00FFC06E /* AdViewController.swift */,
			);
			path = City;
			sourceTree = "<group>";
		};
		5346E4ED2C0713A700FFC06E /* Restaurant */ = {
			isa = PBXGroup;
			children = (
				537B66A42C05C4A90055649C /* RestaurantViewController.swift */,
				537B66A62C05C54A0055649C /* RestaurantTableViewCell.swift */,
				537B66A72C05C54A0055649C /* RestaurantTableViewCell.xib */,
				53B20D522C0AC4CD00B9B2F0 /* RestaurantList.swift */,
				53B20D562C0AD72B00B9B2F0 /* MapViewController.swift */,
			);
			path = Restaurant;
			sourceTree = "<group>";
		};
		5346E4F22C071F6300FFC06E /* TravelInfo */ = {
			isa = PBXGroup;
			children = (
				5346E4F92C0720FF00FFC06E /* CityInfo.swift */,
				5346E4F32C071F8600FFC06E /* TravelInfoViewController.swift */,
				5346E4F52C07208900FFC06E /* TravelInfoTableViewCell.swift */,
				5346E4F62C07208900FFC06E /* TravelInfoTableViewCell.xib */,
			);
			path = TravelInfo;
			sourceTree = "<group>";
		};
/* End PBXGroup section */

/* Begin PBXNativeTarget section */
		530E341B2C00795B008B84DF /* 0524 */ = {
			isa = PBXNativeTarget;
			buildConfigurationList = 530E34302C00795D008B84DF /* Build configuration list for PBXNativeTarget "0524" */;
			buildPhases = (
				530E34182C00795B008B84DF /* Sources */,
				530E34192C00795B008B84DF /* Frameworks */,
				530E341A2C00795B008B84DF /* Resources */,
			);
			buildRules = (
			);
			dependencies = (
			);
			name = 0524;
			packageProductDependencies = (
				530E34382C008183008B84DF /* Kingfisher */,
				530E343B2C00865F008B84DF /* KingfisherWebP */,
			);
			productName = 0524;
			productReference = 530E341C2C00795B008B84DF /* 0524.app */;
			productType = "com.apple.product-type.application";
		};
/* End PBXNativeTarget section */

/* Begin PBXProject section */
		530E34142C00795B008B84DF /* Project object */ = {
			isa = PBXProject;
			attributes = {
				BuildIndependentTargetsInParallel = 1;
				LastSwiftUpdateCheck = 1530;
				LastUpgradeCheck = 1530;
				TargetAttributes = {
					530E341B2C00795B008B84DF = {
						CreatedOnToolsVersion = 15.3;
					};
				};
			};
			buildConfigurationList = 530E34172C00795B008B84DF /* Build configuration list for PBXProject "0524" */;
			compatibilityVersion = "Xcode 14.0";
			developmentRegion = en;
			hasScannedForEncodings = 0;
			knownRegions = (
				en,
				Base,
			);
			mainGroup = 530E34132C00795B008B84DF;
			packageReferences = (
				530E34372C008183008B84DF /* XCRemoteSwiftPackageReference "Kingfisher" */,
				530E343A2C00865F008B84DF /* XCRemoteSwiftPackageReference "KingfisherWebP" */,
			);
			productRefGroup = 530E341D2C00795B008B84DF /* Products */;
			projectDirPath = "";
			projectRoot = "";
			targets = (
				530E341B2C00795B008B84DF /* 0524 */,
			);
		};
/* End PBXProject section */

/* Begin PBXResourcesBuildPhase section */
		530E341A2C00795B008B84DF /* Resources */ = {
			isa = PBXResourcesBuildPhase;
			buildActionMask = 2147483647;
			files = (
				5365089C2C04FCB700218E11 /* AdTableViewCell.xib in Resources */,
				5346E4F82C07208900FFC06E /* TravelInfoTableViewCell.xib in Resources */,
				530E34292C00795D008B84DF /* Assets.xcassets in Resources */,
				530E342C2C00795D008B84DF /* Base in Resources */,
				53BF83112C04EFCD00EF0F10 /* CityTableViewCell.xib in Resources */,
				537B66A92C05C54A0055649C /* RestaurantTableViewCell.xib in Resources */,
				530E34272C00795B008B84DF /* Base in Resources */,
			);
			runOnlyForDeploymentPostprocessing = 0;
		};
/* End PBXResourcesBuildPhase section */

/* Begin PBXSourcesBuildPhase section */
		530E34182C00795B008B84DF /* Sources */ = {
			isa = PBXSourcesBuildPhase;
			buildActionMask = 2147483647;
			files = (
				537B66A82C05C54A0055649C /* RestaurantTableViewCell.swift in Sources */,
				5346E4F42C071F8600FFC06E /* TravelInfoViewController.swift in Sources */,
				53BF83102C04EFCD00EF0F10 /* CityTableViewCell.swift in Sources */,
				537B66A52C05C4A90055649C /* RestaurantViewController.swift in Sources */,
				53B20D552C0AD70D00B9B2F0 /* ReuseIdentifiable.swift in Sources */,
				5346E4EF2C07150400FFC06E /* SightViewController.swift in Sources */,
				530E34242C00795B008B84DF /* ViewController.swift in Sources */,
				53B20D572C0AD72B00B9B2F0 /* MapViewController.swift in Sources */,
				530E34202C00795B008B84DF /* AppDelegate.swift in Sources */,
				5346E4FA2C0720FF00FFC06E /* CityInfo.swift in Sources */,
				5365089D2C04FCB700218E11 /* AdTableViewCell.swift in Sources */,
				53BF830D2C04EF0E00EF0F10 /* CityViewController.swift in Sources */,
				530E34222C00795B008B84DF /* SceneDelegate.swift in Sources */,
				5346E4F12C07150D00FFC06E /* AdViewController.swift in Sources */,
				530E34342C0079C8008B84DF /* MagazineInfoTableViewController.swift in Sources */,
				530E34362C0079E7008B84DF /* MagazineInfoTableViewCell.swift in Sources */,
				535390702C08FABE00A9396E /* UIFont+Extension.swift in Sources */,
				5346E4F72C07208900FFC06E /* TravelInfoTableViewCell.swift in Sources */,
				53B20D532C0AC4CD00B9B2F0 /* RestaurantList.swift in Sources */,
			);
			runOnlyForDeploymentPostprocessing = 0;
		};
/* End PBXSourcesBuildPhase section */

/* Begin PBXVariantGroup section */
		530E34252C00795B008B84DF /* Main.storyboard */ = {
			isa = PBXVariantGroup;
			children = (
				530E34262C00795B008B84DF /* Base */,
			);
			name = Main.storyboard;
			sourceTree = "<group>";
		};
		530E342A2C00795D008B84DF /* LaunchScreen.storyboard */ = {
			isa = PBXVariantGroup;
			children = (
				530E342B2C00795D008B84DF /* Base */,
			);
			name = LaunchScreen.storyboard;
			sourceTree = "<group>";
		};
/* End PBXVariantGroup section */

/* Begin XCBuildConfiguration section */
		530E342E2C00795D008B84DF /* Debug */ = {
			isa = XCBuildConfiguration;
			buildSettings = {
				ALWAYS_SEARCH_USER_PATHS = NO;
				ASSETCATALOG_COMPILER_GENERATE_SWIFT_ASSET_SYMBOL_EXTENSIONS = YES;
				CLANG_ANALYZER_NONNULL = YES;
				CLANG_ANALYZER_NUMBER_OBJECT_CONVERSION = YES_AGGRESSIVE;
				CLANG_CXX_LANGUAGE_STANDARD = "gnu++20";
				CLANG_ENABLE_MODULES = YES;
				CLANG_ENABLE_OBJC_ARC = YES;
				CLANG_ENABLE_OBJC_WEAK = YES;
				CLANG_WARN_BLOCK_CAPTURE_AUTORELEASING = YES;
				CLANG_WARN_BOOL_CONVERSION = YES;
				CLANG_WARN_COMMA = YES;
				CLANG_WARN_CONSTANT_CONVERSION = YES;
				CLANG_WARN_DEPRECATED_OBJC_IMPLEMENTATIONS = YES;
				CLANG_WARN_DIRECT_OBJC_ISA_USAGE = YES_ERROR;
				CLANG_WARN_DOCUMENTATION_COMMENTS = YES;
				CLANG_WARN_EMPTY_BODY = YES;
				CLANG_WARN_ENUM_CONVERSION = YES;
				CLANG_WARN_INFINITE_RECURSION = YES;
				CLANG_WARN_INT_CONVERSION = YES;
				CLANG_WARN_NON_LITERAL_NULL_CONVERSION = YES;
				CLANG_WARN_OBJC_IMPLICIT_RETAIN_SELF = YES;
				CLANG_WARN_OBJC_LITERAL_CONVERSION = YES;
				CLANG_WARN_OBJC_ROOT_CLASS = YES_ERROR;
				CLANG_WARN_QUOTED_INCLUDE_IN_FRAMEWORK_HEADER = YES;
				CLANG_WARN_RANGE_LOOP_ANALYSIS = YES;
				CLANG_WARN_STRICT_PROTOTYPES = YES;
				CLANG_WARN_SUSPICIOUS_MOVE = YES;
				CLANG_WARN_UNGUARDED_AVAILABILITY = YES_AGGRESSIVE;
				CLANG_WARN_UNREACHABLE_CODE = YES;
				CLANG_WARN__DUPLICATE_METHOD_MATCH = YES;
				COPY_PHASE_STRIP = NO;
				DEBUG_INFORMATION_FORMAT = dwarf;
				ENABLE_STRICT_OBJC_MSGSEND = YES;
				ENABLE_TESTABILITY = YES;
				ENABLE_USER_SCRIPT_SANDBOXING = YES;
				GCC_C_LANGUAGE_STANDARD = gnu17;
				GCC_DYNAMIC_NO_PIC = NO;
				GCC_NO_COMMON_BLOCKS = YES;
				GCC_OPTIMIZATION_LEVEL = 0;
				GCC_PREPROCESSOR_DEFINITIONS = (
					"DEBUG=1",
					"$(inherited)",
				);
				GCC_WARN_64_TO_32_BIT_CONVERSION = YES;
				GCC_WARN_ABOUT_RETURN_TYPE = YES_ERROR;
				GCC_WARN_UNDECLARED_SELECTOR = YES;
				GCC_WARN_UNINITIALIZED_AUTOS = YES_AGGRESSIVE;
				GCC_WARN_UNUSED_FUNCTION = YES;
				GCC_WARN_UNUSED_VARIABLE = YES;
				IPHONEOS_DEPLOYMENT_TARGET = 17.4;
				LOCALIZATION_PREFERS_STRING_CATALOGS = YES;
				MTL_ENABLE_DEBUG_INFO = INCLUDE_SOURCE;
				MTL_FAST_MATH = YES;
				ONLY_ACTIVE_ARCH = YES;
				SDKROOT = iphoneos;
				SWIFT_ACTIVE_COMPILATION_CONDITIONS = "DEBUG $(inherited)";
				SWIFT_OPTIMIZATION_LEVEL = "-Onone";
			};
			name = Debug;
		};
		530E342F2C00795D008B84DF /* Release */ = {
			isa = XCBuildConfiguration;
			buildSettings = {
				ALWAYS_SEARCH_USER_PATHS = NO;
				ASSETCATALOG_COMPILER_GENERATE_SWIFT_ASSET_SYMBOL_EXTENSIONS = YES;
				CLANG_ANALYZER_NONNULL = YES;
				CLANG_ANALYZER_NUMBER_OBJECT_CONVERSION = YES_AGGRESSIVE;
				CLANG_CXX_LANGUAGE_STANDARD = "gnu++20";
				CLANG_ENABLE_MODULES = YES;
				CLANG_ENABLE_OBJC_ARC = YES;
				CLANG_ENABLE_OBJC_WEAK = YES;
				CLANG_WARN_BLOCK_CAPTURE_AUTORELEASING = YES;
				CLANG_WARN_BOOL_CONVERSION = YES;
				CLANG_WARN_COMMA = YES;
				CLANG_WARN_CONSTANT_CONVERSION = YES;
				CLANG_WARN_DEPRECATED_OBJC_IMPLEMENTATIONS = YES;
				CLANG_WARN_DIRECT_OBJC_ISA_USAGE = YES_ERROR;
				CLANG_WARN_DOCUMENTATION_COMMENTS = YES;
				CLANG_WARN_EMPTY_BODY = YES;
				CLANG_WARN_ENUM_CONVERSION = YES;
				CLANG_WARN_INFINITE_RECURSION = YES;
				CLANG_WARN_INT_CONVERSION = YES;
				CLANG_WARN_NON_LITERAL_NULL_CONVERSION = YES;
				CLANG_WARN_OBJC_IMPLICIT_RETAIN_SELF = YES;
				CLANG_WARN_OBJC_LITERAL_CONVERSION = YES;
				CLANG_WARN_OBJC_ROOT_CLASS = YES_ERROR;
				CLANG_WARN_QUOTED_INCLUDE_IN_FRAMEWORK_HEADER = YES;
				CLANG_WARN_RANGE_LOOP_ANALYSIS = YES;
				CLANG_WARN_STRICT_PROTOTYPES = YES;
				CLANG_WARN_SUSPICIOUS_MOVE = YES;
				CLANG_WARN_UNGUARDED_AVAILABILITY = YES_AGGRESSIVE;
				CLANG_WARN_UNREACHABLE_CODE = YES;
				CLANG_WARN__DUPLICATE_METHOD_MATCH = YES;
				COPY_PHASE_STRIP = NO;
				DEBUG_INFORMATION_FORMAT = "dwarf-with-dsym";
				ENABLE_NS_ASSERTIONS = NO;
				ENABLE_STRICT_OBJC_MSGSEND = YES;
				ENABLE_USER_SCRIPT_SANDBOXING = YES;
				GCC_C_LANGUAGE_STANDARD = gnu17;
				GCC_NO_COMMON_BLOCKS = YES;
				GCC_WARN_64_TO_32_BIT_CONVERSION = YES;
				GCC_WARN_ABOUT_RETURN_TYPE = YES_ERROR;
				GCC_WARN_UNDECLARED_SELECTOR = YES;
				GCC_WARN_UNINITIALIZED_AUTOS = YES_AGGRESSIVE;
				GCC_WARN_UNUSED_FUNCTION = YES;
				GCC_WARN_UNUSED_VARIABLE = YES;
				IPHONEOS_DEPLOYMENT_TARGET = 17.4;
				LOCALIZATION_PREFERS_STRING_CATALOGS = YES;
				MTL_ENABLE_DEBUG_INFO = NO;
				MTL_FAST_MATH = YES;
				SDKROOT = iphoneos;
				SWIFT_COMPILATION_MODE = wholemodule;
				VALIDATE_PRODUCT = YES;
			};
			name = Release;
		};
		530E34312C00795D008B84DF /* Debug */ = {
			isa = XCBuildConfiguration;
			buildSettings = {
				ASSETCATALOG_COMPILER_APPICON_NAME = AppIcon;
				ASSETCATALOG_COMPILER_GLOBAL_ACCENT_COLOR_NAME = AccentColor;
				CODE_SIGN_STYLE = Automatic;
				CURRENT_PROJECT_VERSION = 1;
				DEVELOPMENT_TEAM = CX8P4D8Z7M;
				GENERATE_INFOPLIST_FILE = YES;
				INFOPLIST_FILE = 0524/Info.plist;
				INFOPLIST_KEY_UIApplicationSupportsIndirectInputEvents = YES;
				INFOPLIST_KEY_UILaunchStoryboardName = LaunchScreen;
				INFOPLIST_KEY_UIMainStoryboardFile = Main;
				INFOPLIST_KEY_UISupportedInterfaceOrientations_iPad = "UIInterfaceOrientationPortrait UIInterfaceOrientationPortraitUpsideDown UIInterfaceOrientationLandscapeLeft UIInterfaceOrientationLandscapeRight";
				INFOPLIST_KEY_UISupportedInterfaceOrientations_iPhone = "UIInterfaceOrientationPortrait UIInterfaceOrientationLandscapeLeft UIInterfaceOrientationLandscapeRight";
				LD_RUNPATH_SEARCH_PATHS = (
					"$(inherited)",
					"@executable_path/Frameworks",
				);
				MARKETING_VERSION = 1.0;
				PRODUCT_BUNDLE_IDENTIFIER = "sk.-524";
				PRODUCT_NAME = "$(TARGET_NAME)";
				SWIFT_EMIT_LOC_STRINGS = YES;
				SWIFT_VERSION = 5.0;
				TARGETED_DEVICE_FAMILY = "1,2";
			};
			name = Debug;
		};
		530E34322C00795D008B84DF /* Release */ = {
			isa = XCBuildConfiguration;
			buildSettings = {
				ASSETCATALOG_COMPILER_APPICON_NAME = AppIcon;
				ASSETCATALOG_COMPILER_GLOBAL_ACCENT_COLOR_NAME = AccentColor;
				CODE_SIGN_STYLE = Automatic;
				CURRENT_PROJECT_VERSION = 1;
				DEVELOPMENT_TEAM = CX8P4D8Z7M;
				GENERATE_INFOPLIST_FILE = YES;
				INFOPLIST_FILE = 0524/Info.plist;
				INFOPLIST_KEY_UIApplicationSupportsIndirectInputEvents = YES;
				INFOPLIST_KEY_UILaunchStoryboardName = LaunchScreen;
				INFOPLIST_KEY_UIMainStoryboardFile = Main;
				INFOPLIST_KEY_UISupportedInterfaceOrientations_iPad = "UIInterfaceOrientationPortrait UIInterfaceOrientationPortraitUpsideDown UIInterfaceOrientationLandscapeLeft UIInterfaceOrientationLandscapeRight";
				INFOPLIST_KEY_UISupportedInterfaceOrientations_iPhone = "UIInterfaceOrientationPortrait UIInterfaceOrientationLandscapeLeft UIInterfaceOrientationLandscapeRight";
				LD_RUNPATH_SEARCH_PATHS = (
					"$(inherited)",
					"@executable_path/Frameworks",
				);
				MARKETING_VERSION = 1.0;
				PRODUCT_BUNDLE_IDENTIFIER = "sk.-524";
				PRODUCT_NAME = "$(TARGET_NAME)";
				SWIFT_EMIT_LOC_STRINGS = YES;
				SWIFT_VERSION = 5.0;
				TARGETED_DEVICE_FAMILY = "1,2";
			};
			name = Release;
		};
/* End XCBuildConfiguration section */

/* Begin XCConfigurationList section */
		530E34172C00795B008B84DF /* Build configuration list for PBXProject "0524" */ = {
			isa = XCConfigurationList;
			buildConfigurations = (
				530E342E2C00795D008B84DF /* Debug */,
				530E342F2C00795D008B84DF /* Release */,
			);
			defaultConfigurationIsVisible = 0;
			defaultConfigurationName = Release;
		};
		530E34302C00795D008B84DF /* Build configuration list for PBXNativeTarget "0524" */ = {
			isa = XCConfigurationList;
			buildConfigurations = (
				530E34312C00795D008B84DF /* Debug */,
				530E34322C00795D008B84DF /* Release */,
			);
			defaultConfigurationIsVisible = 0;
			defaultConfigurationName = Release;
		};
/* End XCConfigurationList section */

/* Begin XCRemoteSwiftPackageReference section */
		530E34372C008183008B84DF /* XCRemoteSwiftPackageReference "Kingfisher" */ = {
			isa = XCRemoteSwiftPackageReference;
			repositoryURL = "https://github.com/onevcat/Kingfisher.git";
			requirement = {
				kind = upToNextMajorVersion;
				minimumVersion = 7.11.0;
			};
		};
		530E343A2C00865F008B84DF /* XCRemoteSwiftPackageReference "KingfisherWebP" */ = {
			isa = XCRemoteSwiftPackageReference;
			repositoryURL = "https://github.com/yeatse/KingfisherWebP.git";
			requirement = {
				kind = upToNextMajorVersion;
				minimumVersion = 1.6.0;
			};
		};
/* End XCRemoteSwiftPackageReference section */

/* Begin XCSwiftPackageProductDependency section */
		530E34382C008183008B84DF /* Kingfisher */ = {
			isa = XCSwiftPackageProductDependency;
			package = 530E34372C008183008B84DF /* XCRemoteSwiftPackageReference "Kingfisher" */;
			productName = Kingfisher;
		};
		530E343B2C00865F008B84DF /* KingfisherWebP */ = {
			isa = XCSwiftPackageProductDependency;
			package = 530E343A2C00865F008B84DF /* XCRemoteSwiftPackageReference "KingfisherWebP" */;
			productName = KingfisherWebP;
		};
/* End XCSwiftPackageProductDependency section */
	};
	rootObject = 530E34142C00795B008B84DF /* Project object */;
}
