// !$*UTF8*$!
{
	archiveVersion = 1;
	classes = {
	};
	objectVersion = 56;
	objects = {

/* Begin PBXBuildFile section */
		5326609F2C1070E100011E3B /* .gitignore in Resources */ = {isa = PBXBuildFile; fileRef = 5326609E2C1070E100011E3B /* .gitignore */; };
		532660A12C10713200011E3B /* APIURL.swift in Sources */ = {isa = PBXBuildFile; fileRef = 532660A02C10713200011E3B /* APIURL.swift */; };
		532660A42C10731B00011E3B /* LottoViewController.swift in Sources */ = {isa = PBXBuildFile; fileRef = 532660A32C10731B00011E3B /* LottoViewController.swift */; };
		532660A62C10784200011E3B /* InsetLabel.swift in Sources */ = {isa = PBXBuildFile; fileRef = 532660A52C10784200011E3B /* InsetLabel.swift */; };
		532660A92C107D7900011E3B /* SnapKit in Frameworks */ = {isa = PBXBuildFile; productRef = 532660A82C107D7900011E3B /* SnapKit */; };
		532660AC2C1187B700011E3B /* Alamofire in Frameworks */ = {isa = PBXBuildFile; productRef = 532660AB2C1187B700011E3B /* Alamofire */; };
		532660AE2C118E9E00011E3B /* LottoModel.swift in Sources */ = {isa = PBXBuildFile; fileRef = 532660AD2C118E9E00011E3B /* LottoModel.swift */; };
		532660B12C11947500011E3B /* MovieController.swift in Sources */ = {isa = PBXBuildFile; fileRef = 532660B02C11947500011E3B /* MovieController.swift */; };
		532660B32C11954B00011E3B /* APIKey.swift in Sources */ = {isa = PBXBuildFile; fileRef = 532660B22C11954B00011E3B /* APIKey.swift */; };
		532660B52C1196F500011E3B /* MovieResponseModel.swift in Sources */ = {isa = PBXBuildFile; fileRef = 532660B42C1196F500011E3B /* MovieResponseModel.swift */; };
		532660B92C11A3FC00011E3B /* MovieTableViewCell.swift in Sources */ = {isa = PBXBuildFile; fileRef = 532660B82C11A3FC00011E3B /* MovieTableViewCell.swift */; };
		532660BB2C11A43500011E3B /* ReuseIdentifiable.swift in Sources */ = {isa = PBXBuildFile; fileRef = 532660BA2C11A43500011E3B /* ReuseIdentifiable.swift */; };
		532660BD2C12116C00011E3B /* MovieRequestModel.swift in Sources */ = {isa = PBXBuildFile; fileRef = 532660BC2C12116C00011E3B /* MovieRequestModel.swift */; };
		532660C02C12325C00011E3B /* WeatherViewController.swift in Sources */ = {isa = PBXBuildFile; fileRef = 532660BF2C12325C00011E3B /* WeatherViewController.swift */; };
		532660C22C1232A700011E3B /* WeatherResponseModel.swift in Sources */ = {isa = PBXBuildFile; fileRef = 532660C12C1232A700011E3B /* WeatherResponseModel.swift */; };
		532660C42C1235C400011E3B /* WeatherRequestModel.swift in Sources */ = {isa = PBXBuildFile; fileRef = 532660C32C1235C400011E3B /* WeatherRequestModel.swift */; };
		5351272A2C12F89300AFEC3B /* Kingfisher in Frameworks */ = {isa = PBXBuildFile; productRef = 535127292C12F89300AFEC3B /* Kingfisher */; };
		53726A252C2403880053086D /* NetworkManager.swift in Sources */ = {isa = PBXBuildFile; fileRef = 53726A242C2403880053086D /* NetworkManager.swift */; };
		538FAACB2C0F35A600950538 /* AppDelegate.swift in Sources */ = {isa = PBXBuildFile; fileRef = 538FAACA2C0F35A600950538 /* AppDelegate.swift */; };
		538FAACD2C0F35A600950538 /* SceneDelegate.swift in Sources */ = {isa = PBXBuildFile; fileRef = 538FAACC2C0F35A600950538 /* SceneDelegate.swift */; };
		538FAACF2C0F35A600950538 /* ViewController.swift in Sources */ = {isa = PBXBuildFile; fileRef = 538FAACE2C0F35A600950538 /* ViewController.swift */; };
		538FAAD42C0F35A800950538 /* Assets.xcassets in Resources */ = {isa = PBXBuildFile; fileRef = 538FAAD32C0F35A800950538 /* Assets.xcassets */; };
		538FAAD72C0F35A800950538 /* Base in Resources */ = {isa = PBXBuildFile; fileRef = 538FAAD62C0F35A800950538 /* Base */; };
		538FAAE02C0F369F00950538 /* NetflixViewController.swift in Sources */ = {isa = PBXBuildFile; fileRef = 538FAADF2C0F369F00950538 /* NetflixViewController.swift */; };
		538FAAE52C0F70B400950538 /* SmallPoster.swift in Sources */ = {isa = PBXBuildFile; fileRef = 538FAAE42C0F70B400950538 /* SmallPoster.swift */; };
		538FAAE82C0F76DD00950538 /* SignInViewController.swift in Sources */ = {isa = PBXBuildFile; fileRef = 538FAAE72C0F76DD00950538 /* SignInViewController.swift */; };
		5390BD0D2C17F6D000E73533 /* CreditViewController.swift in Sources */ = {isa = PBXBuildFile; fileRef = 5390BD0C2C17F6D000E73533 /* CreditViewController.swift */; };
		5390BD0F2C17F75B00E73533 /* CreditType.swift in Sources */ = {isa = PBXBuildFile; fileRef = 5390BD0E2C17F75B00E73533 /* CreditType.swift */; };
		5390BD112C17FFEC00E73533 /* CreditHeaderView.swift in Sources */ = {isa = PBXBuildFile; fileRef = 5390BD102C17FFEC00E73533 /* CreditHeaderView.swift */; };
		5390BD172C18348300E73533 /* SearchViewController.swift in Sources */ = {isa = PBXBuildFile; fileRef = 5390BD162C18348300E73533 /* SearchViewController.swift */; };
		5390BD192C1836A100E73533 /* SearchCollectionViewCell.swift in Sources */ = {isa = PBXBuildFile; fileRef = 5390BD182C1836A100E73533 /* SearchCollectionViewCell.swift */; };
		53BC90D72C170E2A0033B486 /* TrendViewController.swift in Sources */ = {isa = PBXBuildFile; fileRef = 53BC90D62C170E2A0033B486 /* TrendViewController.swift */; };
		53BC90D92C1710F40033B486 /* trendType.swift in Sources */ = {isa = PBXBuildFile; fileRef = 53BC90D82C1710F40033B486 /* trendType.swift */; };
		53BC90DB2C1712AD0033B486 /* TrendResponse.swift in Sources */ = {isa = PBXBuildFile; fileRef = 53BC90DA2C1712AD0033B486 /* TrendResponse.swift */; };
		53BC90DD2C171BEF0033B486 /* TrendTableViewCell.swift in Sources */ = {isa = PBXBuildFile; fileRef = 53BC90DC2C171BEF0033B486 /* TrendTableViewCell.swift */; };
		53F7EFF02C18AB9500FC050C /* OverviewTableViewCell.swift in Sources */ = {isa = PBXBuildFile; fileRef = 53F7EFEF2C18AB9500FC050C /* OverviewTableViewCell.swift */; };
		53F7EFF22C18B11700FC050C /* CastTableViewCell.swift in Sources */ = {isa = PBXBuildFile; fileRef = 53F7EFF12C18B11700FC050C /* CastTableViewCell.swift */; };
/* End PBXBuildFile section */

/* Begin PBXFileReference section */
		5326609E2C1070E100011E3B /* .gitignore */ = {isa = PBXFileReference; lastKnownFileType = text; path = .gitignore; sourceTree = "<group>"; };
		532660A02C10713200011E3B /* APIURL.swift */ = {isa = PBXFileReference; lastKnownFileType = sourcecode.swift; path = APIURL.swift; sourceTree = "<group>"; };
		532660A32C10731B00011E3B /* LottoViewController.swift */ = {isa = PBXFileReference; lastKnownFileType = sourcecode.swift; path = LottoViewController.swift; sourceTree = "<group>"; };
		532660A52C10784200011E3B /* InsetLabel.swift */ = {isa = PBXFileReference; lastKnownFileType = sourcecode.swift; path = InsetLabel.swift; sourceTree = "<group>"; };
		532660AD2C118E9E00011E3B /* LottoModel.swift */ = {isa = PBXFileReference; lastKnownFileType = sourcecode.swift; path = LottoModel.swift; sourceTree = "<group>"; };
		532660B02C11947500011E3B /* MovieController.swift */ = {isa = PBXFileReference; lastKnownFileType = sourcecode.swift; path = MovieController.swift; sourceTree = "<group>"; };
		532660B22C11954B00011E3B /* APIKey.swift */ = {isa = PBXFileReference; lastKnownFileType = sourcecode.swift; path = APIKey.swift; sourceTree = "<group>"; };
		532660B42C1196F500011E3B /* MovieResponseModel.swift */ = {isa = PBXFileReference; lastKnownFileType = sourcecode.swift; path = MovieResponseModel.swift; sourceTree = "<group>"; };
		532660B82C11A3FC00011E3B /* MovieTableViewCell.swift */ = {isa = PBXFileReference; lastKnownFileType = sourcecode.swift; path = MovieTableViewCell.swift; sourceTree = "<group>"; };
		532660BA2C11A43500011E3B /* ReuseIdentifiable.swift */ = {isa = PBXFileReference; lastKnownFileType = sourcecode.swift; path = ReuseIdentifiable.swift; sourceTree = "<group>"; };
		532660BC2C12116C00011E3B /* MovieRequestModel.swift */ = {isa = PBXFileReference; lastKnownFileType = sourcecode.swift; path = MovieRequestModel.swift; sourceTree = "<group>"; };
		532660BF2C12325C00011E3B /* WeatherViewController.swift */ = {isa = PBXFileReference; lastKnownFileType = sourcecode.swift; path = WeatherViewController.swift; sourceTree = "<group>"; };
		532660C12C1232A700011E3B /* WeatherResponseModel.swift */ = {isa = PBXFileReference; lastKnownFileType = sourcecode.swift; path = WeatherResponseModel.swift; sourceTree = "<group>"; };
		532660C32C1235C400011E3B /* WeatherRequestModel.swift */ = {isa = PBXFileReference; lastKnownFileType = sourcecode.swift; path = WeatherRequestModel.swift; sourceTree = "<group>"; };
		53726A242C2403880053086D /* NetworkManager.swift */ = {isa = PBXFileReference; lastKnownFileType = sourcecode.swift; path = NetworkManager.swift; sourceTree = "<group>"; };
		538FAAC72C0F35A600950538 /* 0604.app */ = {isa = PBXFileReference; explicitFileType = wrapper.application; includeInIndex = 0; path = 0604.app; sourceTree = BUILT_PRODUCTS_DIR; };
		538FAACA2C0F35A600950538 /* AppDelegate.swift */ = {isa = PBXFileReference; lastKnownFileType = sourcecode.swift; path = AppDelegate.swift; sourceTree = "<group>"; };
		538FAACC2C0F35A600950538 /* SceneDelegate.swift */ = {isa = PBXFileReference; lastKnownFileType = sourcecode.swift; path = SceneDelegate.swift; sourceTree = "<group>"; };
		538FAACE2C0F35A600950538 /* ViewController.swift */ = {isa = PBXFileReference; lastKnownFileType = sourcecode.swift; path = ViewController.swift; sourceTree = "<group>"; };
		538FAAD32C0F35A800950538 /* Assets.xcassets */ = {isa = PBXFileReference; lastKnownFileType = folder.assetcatalog; path = Assets.xcassets; sourceTree = "<group>"; };
		538FAAD62C0F35A800950538 /* Base */ = {isa = PBXFileReference; lastKnownFileType = file.storyboard; name = Base; path = Base.lproj/LaunchScreen.storyboard; sourceTree = "<group>"; };
		538FAAD82C0F35A800950538 /* Info.plist */ = {isa = PBXFileReference; lastKnownFileType = text.plist.xml; path = Info.plist; sourceTree = "<group>"; };
		538FAADF2C0F369F00950538 /* NetflixViewController.swift */ = {isa = PBXFileReference; lastKnownFileType = sourcecode.swift; path = NetflixViewController.swift; sourceTree = "<group>"; };
		538FAAE42C0F70B400950538 /* SmallPoster.swift */ = {isa = PBXFileReference; lastKnownFileType = sourcecode.swift; path = SmallPoster.swift; sourceTree = "<group>"; };
		538FAAE72C0F76DD00950538 /* SignInViewController.swift */ = {isa = PBXFileReference; lastKnownFileType = sourcecode.swift; path = SignInViewController.swift; sourceTree = "<group>"; };
		5390BD0C2C17F6D000E73533 /* CreditViewController.swift */ = {isa = PBXFileReference; lastKnownFileType = sourcecode.swift; path = CreditViewController.swift; sourceTree = "<group>"; };
		5390BD0E2C17F75B00E73533 /* CreditType.swift */ = {isa = PBXFileReference; lastKnownFileType = sourcecode.swift; path = CreditType.swift; sourceTree = "<group>"; };
		5390BD102C17FFEC00E73533 /* CreditHeaderView.swift */ = {isa = PBXFileReference; lastKnownFileType = sourcecode.swift; path = CreditHeaderView.swift; sourceTree = "<group>"; };
		5390BD162C18348300E73533 /* SearchViewController.swift */ = {isa = PBXFileReference; lastKnownFileType = sourcecode.swift; path = SearchViewController.swift; sourceTree = "<group>"; };
		5390BD182C1836A100E73533 /* SearchCollectionViewCell.swift */ = {isa = PBXFileReference; lastKnownFileType = sourcecode.swift; path = SearchCollectionViewCell.swift; sourceTree = "<group>"; };
		53BC90D62C170E2A0033B486 /* TrendViewController.swift */ = {isa = PBXFileReference; lastKnownFileType = sourcecode.swift; path = TrendViewController.swift; sourceTree = "<group>"; };
		53BC90D82C1710F40033B486 /* trendType.swift */ = {isa = PBXFileReference; lastKnownFileType = sourcecode.swift; path = trendType.swift; sourceTree = "<group>"; };
		53BC90DA2C1712AD0033B486 /* TrendResponse.swift */ = {isa = PBXFileReference; lastKnownFileType = sourcecode.swift; path = TrendResponse.swift; sourceTree = "<group>"; };
		53BC90DC2C171BEF0033B486 /* TrendTableViewCell.swift */ = {isa = PBXFileReference; lastKnownFileType = sourcecode.swift; path = TrendTableViewCell.swift; sourceTree = "<group>"; };
		53F7EFEF2C18AB9500FC050C /* OverviewTableViewCell.swift */ = {isa = PBXFileReference; lastKnownFileType = sourcecode.swift; path = OverviewTableViewCell.swift; sourceTree = "<group>"; };
		53F7EFF12C18B11700FC050C /* CastTableViewCell.swift */ = {isa = PBXFileReference; lastKnownFileType = sourcecode.swift; path = CastTableViewCell.swift; sourceTree = "<group>"; };
/* End PBXFileReference section */

/* Begin PBXFrameworksBuildPhase section */
		538FAAC42C0F35A600950538 /* Frameworks */ = {
			isa = PBXFrameworksBuildPhase;
			buildActionMask = 2147483647;
			files = (
				5351272A2C12F89300AFEC3B /* Kingfisher in Frameworks */,
				532660A92C107D7900011E3B /* SnapKit in Frameworks */,
				532660AC2C1187B700011E3B /* Alamofire in Frameworks */,
			);
			runOnlyForDeploymentPostprocessing = 0;
		};
/* End PBXFrameworksBuildPhase section */

/* Begin PBXGroup section */
		532660A22C10731300011E3B /* Lotto */ = {
			isa = PBXGroup;
			children = (
				532660A52C10784200011E3B /* InsetLabel.swift */,
				532660A32C10731B00011E3B /* LottoViewController.swift */,
				532660AD2C118E9E00011E3B /* LottoModel.swift */,
				53726A242C2403880053086D /* NetworkManager.swift */,
			);
			path = Lotto;
			sourceTree = "<group>";
		};
		532660AF2C11946300011E3B /* Movie */ = {
			isa = PBXGroup;
			children = (
				532660B02C11947500011E3B /* MovieController.swift */,
				532660B42C1196F500011E3B /* MovieResponseModel.swift */,
				532660B82C11A3FC00011E3B /* MovieTableViewCell.swift */,
				532660BC2C12116C00011E3B /* MovieRequestModel.swift */,
			);
			path = Movie;
			sourceTree = "<group>";
		};
		532660BE2C12325200011E3B /* Weather */ = {
			isa = PBXGroup;
			children = (
				532660BF2C12325C00011E3B /* WeatherViewController.swift */,
				532660C12C1232A700011E3B /* WeatherResponseModel.swift */,
				532660C32C1235C400011E3B /* WeatherRequestModel.swift */,
			);
			path = Weather;
			sourceTree = "<group>";
		};
		538FAABE2C0F35A600950538 = {
			isa = PBXGroup;
			children = (
				5326609E2C1070E100011E3B /* .gitignore */,
				538FAAC92C0F35A600950538 /* 0604 */,
				538FAAC82C0F35A600950538 /* Products */,
			);
			sourceTree = "<group>";
		};
		538FAAC82C0F35A600950538 /* Products */ = {
			isa = PBXGroup;
			children = (
				538FAAC72C0F35A600950538 /* 0604.app */,
			);
			name = Products;
			sourceTree = "<group>";
		};
		538FAAC92C0F35A600950538 /* 0604 */ = {
			isa = PBXGroup;
			children = (
				53BC90D52C170E050033B486 /* TMDB */,
				532660BE2C12325200011E3B /* Weather */,
				532660AF2C11946300011E3B /* Movie */,
				532660A22C10731300011E3B /* Lotto */,
				538FAAE62C0F76D000950538 /* SignIn */,
				538FAADE2C0F369000950538 /* Netflix */,
				538FAACA2C0F35A600950538 /* AppDelegate.swift */,
				538FAACC2C0F35A600950538 /* SceneDelegate.swift */,
				538FAACE2C0F35A600950538 /* ViewController.swift */,
				538FAAD32C0F35A800950538 /* Assets.xcassets */,
				538FAAD52C0F35A800950538 /* LaunchScreen.storyboard */,
				538FAAD82C0F35A800950538 /* Info.plist */,
				532660A02C10713200011E3B /* APIURL.swift */,
				532660B22C11954B00011E3B /* APIKey.swift */,
				532660BA2C11A43500011E3B /* ReuseIdentifiable.swift */,
			);
			path = 0604;
			sourceTree = "<group>";
		};
		538FAADE2C0F369000950538 /* Netflix */ = {
			isa = PBXGroup;
			children = (
				538FAADF2C0F369F00950538 /* NetflixViewController.swift */,
				538FAAE42C0F70B400950538 /* SmallPoster.swift */,
			);
			path = Netflix;
			sourceTree = "<group>";
		};
		538FAAE62C0F76D000950538 /* SignIn */ = {
			isa = PBXGroup;
			children = (
				538FAAE72C0F76DD00950538 /* SignInViewController.swift */,
			);
			path = SignIn;
			sourceTree = "<group>";
		};
		53BC90D52C170E050033B486 /* TMDB */ = {
			isa = PBXGroup;
			children = (
				53BC90D62C170E2A0033B486 /* TrendViewController.swift */,
				53BC90D82C1710F40033B486 /* trendType.swift */,
				53BC90DA2C1712AD0033B486 /* TrendResponse.swift */,
				53BC90DC2C171BEF0033B486 /* TrendTableViewCell.swift */,
				5390BD0C2C17F6D000E73533 /* CreditViewController.swift */,
				5390BD0E2C17F75B00E73533 /* CreditType.swift */,
				5390BD102C17FFEC00E73533 /* CreditHeaderView.swift */,
				5390BD162C18348300E73533 /* SearchViewController.swift */,
				5390BD182C1836A100E73533 /* SearchCollectionViewCell.swift */,
				53F7EFEF2C18AB9500FC050C /* OverviewTableViewCell.swift */,
				53F7EFF12C18B11700FC050C /* CastTableViewCell.swift */,
			);
			path = TMDB;
			sourceTree = "<group>";
		};
/* End PBXGroup section */

/* Begin PBXNativeTarget section */
		538FAAC62C0F35A600950538 /* 0604 */ = {
			isa = PBXNativeTarget;
			buildConfigurationList = 538FAADB2C0F35A800950538 /* Build configuration list for PBXNativeTarget "0604" */;
			buildPhases = (
				538FAAC32C0F35A600950538 /* Sources */,
				538FAAC42C0F35A600950538 /* Frameworks */,
				538FAAC52C0F35A600950538 /* Resources */,
			);
			buildRules = (
			);
			dependencies = (
			);
			name = 0604;
			packageProductDependencies = (
				532660A82C107D7900011E3B /* SnapKit */,
				532660AB2C1187B700011E3B /* Alamofire */,
				535127292C12F89300AFEC3B /* Kingfisher */,
			);
			productName = 0604;
			productReference = 538FAAC72C0F35A600950538 /* 0604.app */;
			productType = "com.apple.product-type.application";
		};
/* End PBXNativeTarget section */

/* Begin PBXProject section */
		538FAABF2C0F35A600950538 /* Project object */ = {
			isa = PBXProject;
			attributes = {
				BuildIndependentTargetsInParallel = 1;
				LastSwiftUpdateCheck = 1530;
				LastUpgradeCheck = 1530;
				TargetAttributes = {
					538FAAC62C0F35A600950538 = {
						CreatedOnToolsVersion = 15.3;
					};
				};
			};
			buildConfigurationList = 538FAAC22C0F35A600950538 /* Build configuration list for PBXProject "0604" */;
			compatibilityVersion = "Xcode 14.0";
			developmentRegion = en;
			hasScannedForEncodings = 0;
			knownRegions = (
				en,
				Base,
			);
			mainGroup = 538FAABE2C0F35A600950538;
			packageReferences = (
				532660A72C107D7900011E3B /* XCRemoteSwiftPackageReference "SnapKit" */,
				532660AA2C1187B700011E3B /* XCRemoteSwiftPackageReference "Alamofire" */,
				535127282C12F89300AFEC3B /* XCRemoteSwiftPackageReference "Kingfisher" */,
			);
			productRefGroup = 538FAAC82C0F35A600950538 /* Products */;
			projectDirPath = "";
			projectRoot = "";
			targets = (
				538FAAC62C0F35A600950538 /* 0604 */,
			);
		};
/* End PBXProject section */

/* Begin PBXResourcesBuildPhase section */
		538FAAC52C0F35A600950538 /* Resources */ = {
			isa = PBXResourcesBuildPhase;
			buildActionMask = 2147483647;
			files = (
				538FAAD42C0F35A800950538 /* Assets.xcassets in Resources */,
				5326609F2C1070E100011E3B /* .gitignore in Resources */,
				538FAAD72C0F35A800950538 /* Base in Resources */,
			);
			runOnlyForDeploymentPostprocessing = 0;
		};
/* End PBXResourcesBuildPhase section */

/* Begin PBXSourcesBuildPhase section */
		538FAAC32C0F35A600950538 /* Sources */ = {
			isa = PBXSourcesBuildPhase;
			buildActionMask = 2147483647;
			files = (
				532660BD2C12116C00011E3B /* MovieRequestModel.swift in Sources */,
				532660C22C1232A700011E3B /* WeatherResponseModel.swift in Sources */,
				532660C02C12325C00011E3B /* WeatherViewController.swift in Sources */,
				5390BD172C18348300E73533 /* SearchViewController.swift in Sources */,
				538FAACF2C0F35A600950538 /* ViewController.swift in Sources */,
				532660C42C1235C400011E3B /* WeatherRequestModel.swift in Sources */,
				532660BB2C11A43500011E3B /* ReuseIdentifiable.swift in Sources */,
				538FAACB2C0F35A600950538 /* AppDelegate.swift in Sources */,
				532660B92C11A3FC00011E3B /* MovieTableViewCell.swift in Sources */,
				53BC90D72C170E2A0033B486 /* TrendViewController.swift in Sources */,
				53BC90DD2C171BEF0033B486 /* TrendTableViewCell.swift in Sources */,
				532660B12C11947500011E3B /* MovieController.swift in Sources */,
				532660AE2C118E9E00011E3B /* LottoModel.swift in Sources */,
				538FAAE82C0F76DD00950538 /* SignInViewController.swift in Sources */,
				53BC90DB2C1712AD0033B486 /* TrendResponse.swift in Sources */,
				538FAAE52C0F70B400950538 /* SmallPoster.swift in Sources */,
				532660B52C1196F500011E3B /* MovieResponseModel.swift in Sources */,
				538FAACD2C0F35A600950538 /* SceneDelegate.swift in Sources */,
				53726A252C2403880053086D /* NetworkManager.swift in Sources */,
				5390BD0F2C17F75B00E73533 /* CreditType.swift in Sources */,
				532660A42C10731B00011E3B /* LottoViewController.swift in Sources */,
				538FAAE02C0F369F00950538 /* NetflixViewController.swift in Sources */,
				53F7EFF02C18AB9500FC050C /* OverviewTableViewCell.swift in Sources */,
				5390BD112C17FFEC00E73533 /* CreditHeaderView.swift in Sources */,
				53BC90D92C1710F40033B486 /* trendType.swift in Sources */,
				532660A12C10713200011E3B /* APIURL.swift in Sources */,
				532660B32C11954B00011E3B /* APIKey.swift in Sources */,
				53F7EFF22C18B11700FC050C /* CastTableViewCell.swift in Sources */,
				532660A62C10784200011E3B /* InsetLabel.swift in Sources */,
				5390BD192C1836A100E73533 /* SearchCollectionViewCell.swift in Sources */,
				5390BD0D2C17F6D000E73533 /* CreditViewController.swift in Sources */,
			);
			runOnlyForDeploymentPostprocessing = 0;
		};
/* End PBXSourcesBuildPhase section */

/* Begin PBXVariantGroup section */
		538FAAD52C0F35A800950538 /* LaunchScreen.storyboard */ = {
			isa = PBXVariantGroup;
			children = (
				538FAAD62C0F35A800950538 /* Base */,
			);
			name = LaunchScreen.storyboard;
			sourceTree = "<group>";
		};
/* End PBXVariantGroup section */

/* Begin XCBuildConfiguration section */
		538FAAD92C0F35A800950538 /* Debug */ = {
			isa = XCBuildConfiguration;
			buildSettings = {
				ALWAYS_SEARCH_USER_PATHS = NO;
				ASSETCATALOG_COMPILER_GENERATE_SWIFT_ASSET_SYMBOL_EXTENSIONS = YES;
				CLANG_ANALYZER_NONNULL = YES;
				CLANG_ANALYZER_NUMBER_OBJECT_CONVERSION = YES_AGGRESSIVE;
				CLANG_CXX_LANGUAGE_STANDARD = "gnu++20";
				CLANG_ENABLE_MODULES = YES;
				CLANG_ENABLE_OBJC_ARC = YES;
				CLANG_ENABLE_OBJC_WEAK = YES;
				CLANG_WARN_BLOCK_CAPTURE_AUTORELEASING = YES;
				CLANG_WARN_BOOL_CONVERSION = YES;
				CLANG_WARN_COMMA = YES;
				CLANG_WARN_CONSTANT_CONVERSION = YES;
				CLANG_WARN_DEPRECATED_OBJC_IMPLEMENTATIONS = YES;
				CLANG_WARN_DIRECT_OBJC_ISA_USAGE = YES_ERROR;
				CLANG_WARN_DOCUMENTATION_COMMENTS = YES;
				CLANG_WARN_EMPTY_BODY = YES;
				CLANG_WARN_ENUM_CONVERSION = YES;
				CLANG_WARN_INFINITE_RECURSION = YES;
				CLANG_WARN_INT_CONVERSION = YES;
				CLANG_WARN_NON_LITERAL_NULL_CONVERSION = YES;
				CLANG_WARN_OBJC_IMPLICIT_RETAIN_SELF = YES;
				CLANG_WARN_OBJC_LITERAL_CONVERSION = YES;
				CLANG_WARN_OBJC_ROOT_CLASS = YES_ERROR;
				CLANG_WARN_QUOTED_INCLUDE_IN_FRAMEWORK_HEADER = YES;
				CLANG_WARN_RANGE_LOOP_ANALYSIS = YES;
				CLANG_WARN_STRICT_PROTOTYPES = YES;
				CLANG_WARN_SUSPICIOUS_MOVE = YES;
				CLANG_WARN_UNGUARDED_AVAILABILITY = YES_AGGRESSIVE;
				CLANG_WARN_UNREACHABLE_CODE = YES;
				CLANG_WARN__DUPLICATE_METHOD_MATCH = YES;
				COPY_PHASE_STRIP = NO;
				DEBUG_INFORMATION_FORMAT = dwarf;
				ENABLE_STRICT_OBJC_MSGSEND = YES;
				ENABLE_TESTABILITY = YES;
				ENABLE_USER_SCRIPT_SANDBOXING = YES;
				GCC_C_LANGUAGE_STANDARD = gnu17;
				GCC_DYNAMIC_NO_PIC = NO;
				GCC_NO_COMMON_BLOCKS = YES;
				GCC_OPTIMIZATION_LEVEL = 0;
				GCC_PREPROCESSOR_DEFINITIONS = (
					"DEBUG=1",
					"$(inherited)",
				);
				GCC_WARN_64_TO_32_BIT_CONVERSION = YES;
				GCC_WARN_ABOUT_RETURN_TYPE = YES_ERROR;
				GCC_WARN_UNDECLARED_SELECTOR = YES;
				GCC_WARN_UNINITIALIZED_AUTOS = YES_AGGRESSIVE;
				GCC_WARN_UNUSED_FUNCTION = YES;
				GCC_WARN_UNUSED_VARIABLE = YES;
				IPHONEOS_DEPLOYMENT_TARGET = 17.4;
				LOCALIZATION_PREFERS_STRING_CATALOGS = YES;
				MTL_ENABLE_DEBUG_INFO = INCLUDE_SOURCE;
				MTL_FAST_MATH = YES;
				ONLY_ACTIVE_ARCH = YES;
				SDKROOT = iphoneos;
				SWIFT_ACTIVE_COMPILATION_CONDITIONS = "DEBUG $(inherited)";
				SWIFT_OPTIMIZATION_LEVEL = "-Onone";
			};
			name = Debug;
		};
		538FAADA2C0F35A800950538 /* Release */ = {
			isa = XCBuildConfiguration;
			buildSettings = {
				ALWAYS_SEARCH_USER_PATHS = NO;
				ASSETCATALOG_COMPILER_GENERATE_SWIFT_ASSET_SYMBOL_EXTENSIONS = YES;
				CLANG_ANALYZER_NONNULL = YES;
				CLANG_ANALYZER_NUMBER_OBJECT_CONVERSION = YES_AGGRESSIVE;
				CLANG_CXX_LANGUAGE_STANDARD = "gnu++20";
				CLANG_ENABLE_MODULES = YES;
				CLANG_ENABLE_OBJC_ARC = YES;
				CLANG_ENABLE_OBJC_WEAK = YES;
				CLANG_WARN_BLOCK_CAPTURE_AUTORELEASING = YES;
				CLANG_WARN_BOOL_CONVERSION = YES;
				CLANG_WARN_COMMA = YES;
				CLANG_WARN_CONSTANT_CONVERSION = YES;
				CLANG_WARN_DEPRECATED_OBJC_IMPLEMENTATIONS = YES;
				CLANG_WARN_DIRECT_OBJC_ISA_USAGE = YES_ERROR;
				CLANG_WARN_DOCUMENTATION_COMMENTS = YES;
				CLANG_WARN_EMPTY_BODY = YES;
				CLANG_WARN_ENUM_CONVERSION = YES;
				CLANG_WARN_INFINITE_RECURSION = YES;
				CLANG_WARN_INT_CONVERSION = YES;
				CLANG_WARN_NON_LITERAL_NULL_CONVERSION = YES;
				CLANG_WARN_OBJC_IMPLICIT_RETAIN_SELF = YES;
				CLANG_WARN_OBJC_LITERAL_CONVERSION = YES;
				CLANG_WARN_OBJC_ROOT_CLASS = YES_ERROR;
				CLANG_WARN_QUOTED_INCLUDE_IN_FRAMEWORK_HEADER = YES;
				CLANG_WARN_RANGE_LOOP_ANALYSIS = YES;
				CLANG_WARN_STRICT_PROTOTYPES = YES;
				CLANG_WARN_SUSPICIOUS_MOVE = YES;
				CLANG_WARN_UNGUARDED_AVAILABILITY = YES_AGGRESSIVE;
				CLANG_WARN_UNREACHABLE_CODE = YES;
				CLANG_WARN__DUPLICATE_METHOD_MATCH = YES;
				COPY_PHASE_STRIP = NO;
				DEBUG_INFORMATION_FORMAT = "dwarf-with-dsym";
				ENABLE_NS_ASSERTIONS = NO;
				ENABLE_STRICT_OBJC_MSGSEND = YES;
				ENABLE_USER_SCRIPT_SANDBOXING = YES;
				GCC_C_LANGUAGE_STANDARD = gnu17;
				GCC_NO_COMMON_BLOCKS = YES;
				GCC_WARN_64_TO_32_BIT_CONVERSION = YES;
				GCC_WARN_ABOUT_RETURN_TYPE = YES_ERROR;
				GCC_WARN_UNDECLARED_SELECTOR = YES;
				GCC_WARN_UNINITIALIZED_AUTOS = YES_AGGRESSIVE;
				GCC_WARN_UNUSED_FUNCTION = YES;
				GCC_WARN_UNUSED_VARIABLE = YES;
				IPHONEOS_DEPLOYMENT_TARGET = 17.4;
				LOCALIZATION_PREFERS_STRING_CATALOGS = YES;
				MTL_ENABLE_DEBUG_INFO = NO;
				MTL_FAST_MATH = YES;
				SDKROOT = iphoneos;
				SWIFT_COMPILATION_MODE = wholemodule;
				VALIDATE_PRODUCT = YES;
			};
			name = Release;
		};
		538FAADC2C0F35A800950538 /* Debug */ = {
			isa = XCBuildConfiguration;
			buildSettings = {
				ASSETCATALOG_COMPILER_APPICON_NAME = AppIcon;
				ASSETCATALOG_COMPILER_GLOBAL_ACCENT_COLOR_NAME = AccentColor;
				CODE_SIGN_STYLE = Automatic;
				CURRENT_PROJECT_VERSION = 1;
				DEVELOPMENT_TEAM = CX8P4D8Z7M;
				GENERATE_INFOPLIST_FILE = YES;
				INFOPLIST_FILE = 0604/Info.plist;
				INFOPLIST_KEY_UIApplicationSupportsIndirectInputEvents = YES;
				INFOPLIST_KEY_UILaunchStoryboardName = LaunchScreen;
				INFOPLIST_KEY_UISupportedInterfaceOrientations_iPad = "UIInterfaceOrientationPortrait UIInterfaceOrientationPortraitUpsideDown UIInterfaceOrientationLandscapeLeft UIInterfaceOrientationLandscapeRight";
				INFOPLIST_KEY_UISupportedInterfaceOrientations_iPhone = "UIInterfaceOrientationPortrait UIInterfaceOrientationLandscapeLeft UIInterfaceOrientationLandscapeRight";
				IPHONEOS_DEPLOYMENT_TARGET = 16.0;
				LD_RUNPATH_SEARCH_PATHS = (
					"$(inherited)",
					"@executable_path/Frameworks",
				);
				MARKETING_VERSION = 1.0;
				PRODUCT_BUNDLE_IDENTIFIER = "sk.-604";
				PRODUCT_NAME = "$(TARGET_NAME)";
				SUPPORTED_PLATFORMS = "iphoneos iphonesimulator";
				SUPPORTS_MACCATALYST = NO;
				SUPPORTS_MAC_DESIGNED_FOR_IPHONE_IPAD = NO;
				SUPPORTS_XR_DESIGNED_FOR_IPHONE_IPAD = NO;
				SWIFT_EMIT_LOC_STRINGS = YES;
				SWIFT_VERSION = 5.0;
				TARGETED_DEVICE_FAMILY = 1;
			};
			name = Debug;
		};
		538FAADD2C0F35A800950538 /* Release */ = {
			isa = XCBuildConfiguration;
			buildSettings = {
				ASSETCATALOG_COMPILER_APPICON_NAME = AppIcon;
				ASSETCATALOG_COMPILER_GLOBAL_ACCENT_COLOR_NAME = AccentColor;
				CODE_SIGN_STYLE = Automatic;
				CURRENT_PROJECT_VERSION = 1;
				DEVELOPMENT_TEAM = CX8P4D8Z7M;
				GENERATE_INFOPLIST_FILE = YES;
				INFOPLIST_FILE = 0604/Info.plist;
				INFOPLIST_KEY_UIApplicationSupportsIndirectInputEvents = YES;
				INFOPLIST_KEY_UILaunchStoryboardName = LaunchScreen;
				INFOPLIST_KEY_UISupportedInterfaceOrientations_iPad = "UIInterfaceOrientationPortrait UIInterfaceOrientationPortraitUpsideDown UIInterfaceOrientationLandscapeLeft UIInterfaceOrientationLandscapeRight";
				INFOPLIST_KEY_UISupportedInterfaceOrientations_iPhone = "UIInterfaceOrientationPortrait UIInterfaceOrientationLandscapeLeft UIInterfaceOrientationLandscapeRight";
				IPHONEOS_DEPLOYMENT_TARGET = 16.0;
				LD_RUNPATH_SEARCH_PATHS = (
					"$(inherited)",
					"@executable_path/Frameworks",
				);
				MARKETING_VERSION = 1.0;
				PRODUCT_BUNDLE_IDENTIFIER = "sk.-604";
				PRODUCT_NAME = "$(TARGET_NAME)";
				SUPPORTED_PLATFORMS = "iphoneos iphonesimulator";
				SUPPORTS_MACCATALYST = NO;
				SUPPORTS_MAC_DESIGNED_FOR_IPHONE_IPAD = NO;
				SUPPORTS_XR_DESIGNED_FOR_IPHONE_IPAD = NO;
				SWIFT_EMIT_LOC_STRINGS = YES;
				SWIFT_VERSION = 5.0;
				TARGETED_DEVICE_FAMILY = 1;
			};
			name = Release;
		};
/* End XCBuildConfiguration section */

/* Begin XCConfigurationList section */
		538FAAC22C0F35A600950538 /* Build configuration list for PBXProject "0604" */ = {
			isa = XCConfigurationList;
			buildConfigurations = (
				538FAAD92C0F35A800950538 /* Debug */,
				538FAADA2C0F35A800950538 /* Release */,
			);
			defaultConfigurationIsVisible = 0;
			defaultConfigurationName = Release;
		};
		538FAADB2C0F35A800950538 /* Build configuration list for PBXNativeTarget "0604" */ = {
			isa = XCConfigurationList;
			buildConfigurations = (
				538FAADC2C0F35A800950538 /* Debug */,
				538FAADD2C0F35A800950538 /* Release */,
			);
			defaultConfigurationIsVisible = 0;
			defaultConfigurationName = Release;
		};
/* End XCConfigurationList section */

/* Begin XCRemoteSwiftPackageReference section */
		532660A72C107D7900011E3B /* XCRemoteSwiftPackageReference "SnapKit" */ = {
			isa = XCRemoteSwiftPackageReference;
			repositoryURL = "https://github.com/SnapKit/SnapKit.git";
			requirement = {
				kind = upToNextMajorVersion;
				minimumVersion = 5.7.1;
			};
		};
		532660AA2C1187B700011E3B /* XCRemoteSwiftPackageReference "Alamofire" */ = {
			isa = XCRemoteSwiftPackageReference;
			repositoryURL = "https://github.com/Alamofire/Alamofire.git";
			requirement = {
				kind = upToNextMajorVersion;
				minimumVersion = 5.9.1;
			};
		};
		535127282C12F89300AFEC3B /* XCRemoteSwiftPackageReference "Kingfisher" */ = {
			isa = XCRemoteSwiftPackageReference;
			repositoryURL = "https://github.com/onevcat/Kingfisher.git";
			requirement = {
				kind = upToNextMajorVersion;
				minimumVersion = 7.11.0;
			};
		};
/* End XCRemoteSwiftPackageReference section */

/* Begin XCSwiftPackageProductDependency section */
		532660A82C107D7900011E3B /* SnapKit */ = {
			isa = XCSwiftPackageProductDependency;
			package = 532660A72C107D7900011E3B /* XCRemoteSwiftPackageReference "SnapKit" */;
			productName = SnapKit;
		};
		532660AB2C1187B700011E3B /* Alamofire */ = {
			isa = XCSwiftPackageProductDependency;
			package = 532660AA2C1187B700011E3B /* XCRemoteSwiftPackageReference "Alamofire" */;
			productName = Alamofire;
		};
		535127292C12F89300AFEC3B /* Kingfisher */ = {
			isa = XCSwiftPackageProductDependency;
			package = 535127282C12F89300AFEC3B /* XCRemoteSwiftPackageReference "Kingfisher" */;
			productName = Kingfisher;
		};
/* End XCSwiftPackageProductDependency section */
	};
	rootObject = 538FAABF2C0F35A600950538 /* Project object */;
}
