// !$*UTF8*$!
{
	archiveVersion = 1;
	classes = {
	};
	objectVersion = 56;
	objects = {

/* Begin PBXBuildFile section */
		53086A982C3BEA870029E399 /* ImagePickerViewController.swift in Sources */ = {isa = PBXBuildFile; fileRef = 53086A972C3BEA870029E399 /* ImagePickerViewController.swift */; };
		53086A9A2C3C34E40029E399 /* ImageFileManager.swift in Sources */ = {isa = PBXBuildFile; fileRef = 53086A992C3C34E40029E399 /* ImageFileManager.swift */; };
		53086A9C2C3C3F260029E399 /* CalendarViewController.swift in Sources */ = {isa = PBXBuildFile; fileRef = 53086A9B2C3C3F260029E399 /* CalendarViewController.swift */; };
		53086AA02C3C3FDC0029E399 /* FSCalendar in Frameworks */ = {isa = PBXBuildFile; productRef = 53086A9F2C3C3FDC0029E399 /* FSCalendar */; };
		53086AA22C3C458E0029E399 /* CalendarViewModel.swift in Sources */ = {isa = PBXBuildFile; fileRef = 53086AA12C3C458E0029E399 /* CalendarViewModel.swift */; };
		533E12AB2C33DDEA00885FAA /* AppDelegate.swift in Sources */ = {isa = PBXBuildFile; fileRef = 533E12AA2C33DDEA00885FAA /* AppDelegate.swift */; };
		533E12AD2C33DDEA00885FAA /* SceneDelegate.swift in Sources */ = {isa = PBXBuildFile; fileRef = 533E12AC2C33DDEA00885FAA /* SceneDelegate.swift */; };
		533E12AF2C33DDEA00885FAA /* AddNewTodoViewController.swift in Sources */ = {isa = PBXBuildFile; fileRef = 533E12AE2C33DDEA00885FAA /* AddNewTodoViewController.swift */; };
		533E12B42C33DDED00885FAA /* Assets.xcassets in Resources */ = {isa = PBXBuildFile; fileRef = 533E12B32C33DDED00885FAA /* Assets.xcassets */; };
		533E12B72C33DDED00885FAA /* Base in Resources */ = {isa = PBXBuildFile; fileRef = 533E12B62C33DDED00885FAA /* Base */; };
		533E12C12C33DE2400885FAA /* .gitignore in Resources */ = {isa = PBXBuildFile; fileRef = 533E12C02C33DE2400885FAA /* .gitignore */; };
		533E12C82C33E05000885FAA /* AddNewToDoViewModel.swift in Sources */ = {isa = PBXBuildFile; fileRef = 533E12C72C33E05000885FAA /* AddNewToDoViewModel.swift */; };
		533E12CC2C33E8BE00885FAA /* SnapKit in Frameworks */ = {isa = PBXBuildFile; productRef = 533E12CB2C33E8BE00885FAA /* SnapKit */; };
		533E12CF2C33E8E600885FAA /* RealmSwift in Frameworks */ = {isa = PBXBuildFile; productRef = 533E12CE2C33E8E600885FAA /* RealmSwift */; };
		533E12D22C33E99B00885FAA /* ReuseIdentifiable.swift in Sources */ = {isa = PBXBuildFile; fileRef = 533E12D12C33E99B00885FAA /* ReuseIdentifiable.swift */; };
		533E12D42C33E9AE00885FAA /* Binding.swift in Sources */ = {isa = PBXBuildFile; fileRef = 533E12D32C33E9AE00885FAA /* Binding.swift */; };
		533E12D72C33EAB100885FAA /* TextFieldTableViewCell.swift in Sources */ = {isa = PBXBuildFile; fileRef = 533E12D62C33EAB100885FAA /* TextFieldTableViewCell.swift */; };
		533E12D92C33ED2C00885FAA /* TextViewTableViewCell.swift in Sources */ = {isa = PBXBuildFile; fileRef = 533E12D82C33ED2C00885FAA /* TextViewTableViewCell.swift */; };
		533E12DD2C33FF0B00885FAA /* TodoColor.swift in Sources */ = {isa = PBXBuildFile; fileRef = 533E12DC2C33FF0B00885FAA /* TodoColor.swift */; };
		533E12DF2C33FF2700885FAA /* LabelTableViewCell.swift in Sources */ = {isa = PBXBuildFile; fileRef = 533E12DE2C33FF2700885FAA /* LabelTableViewCell.swift */; };
		533E12E22C345F3B00885FAA /* TodoDTO.swift in Sources */ = {isa = PBXBuildFile; fileRef = 533E12E12C345F3B00885FAA /* TodoDTO.swift */; };
		533E12E42C34619000885FAA /* TodoDataRepository.swift in Sources */ = {isa = PBXBuildFile; fileRef = 533E12E32C34619000885FAA /* TodoDataRepository.swift */; };
		533E12E82C34635D00885FAA /* TodoListViewController.swift in Sources */ = {isa = PBXBuildFile; fileRef = 533E12E72C34635D00885FAA /* TodoListViewController.swift */; };
		533E12EB2C34669400885FAA /* TransferTableViewCellDataDelegate.swift in Sources */ = {isa = PBXBuildFile; fileRef = 533E12EA2C34669400885FAA /* TransferTableViewCellDataDelegate.swift */; };
		533E12EE2C34705600885FAA /* TodoListTableViewCell.swift in Sources */ = {isa = PBXBuildFile; fileRef = 533E12ED2C34705600885FAA /* TodoListTableViewCell.swift */; };
		533E12F12C34721F00885FAA /* TodoListViewModel.swift in Sources */ = {isa = PBXBuildFile; fileRef = 533E12F02C34721F00885FAA /* TodoListViewModel.swift */; };
		536C64C92C36889D00890316 /* UIViewController+Extension.swift in Sources */ = {isa = PBXBuildFile; fileRef = 536C64C82C36889D00890316 /* UIViewController+Extension.swift */; };
		537A27F82C3ABFAB00173670 /* ClassifyViewController.swift in Sources */ = {isa = PBXBuildFile; fileRef = 537A27F72C3ABFAB00173670 /* ClassifyViewController.swift */; };
		537A27FB2C3AFF6700173670 /* ClassifyViewModel.swift in Sources */ = {isa = PBXBuildFile; fileRef = 537A27FA2C3AFF6700173670 /* ClassifyViewModel.swift */; };
		537A27FD2C3B002800173670 /* ClassifyCollectionViewCell.swift in Sources */ = {isa = PBXBuildFile; fileRef = 537A27FC2C3B002800173670 /* ClassifyCollectionViewCell.swift */; };
		53DE68A02C35A31F00873565 /* DueDateViewController.swift in Sources */ = {isa = PBXBuildFile; fileRef = 53DE689F2C35A31F00873565 /* DueDateViewController.swift */; };
		53DE68A32C35AA6900873565 /* Date+Extension.swift in Sources */ = {isa = PBXBuildFile; fileRef = 53DE68A22C35AA6900873565 /* Date+Extension.swift */; };
		53DE68A52C35BB6700873565 /* TagViewController.swift in Sources */ = {isa = PBXBuildFile; fileRef = 53DE68A42C35BB6700873565 /* TagViewController.swift */; };
		53DE68A72C35BEA700873565 /* PriorityViewController.swift in Sources */ = {isa = PBXBuildFile; fileRef = 53DE68A62C35BEA700873565 /* PriorityViewController.swift */; };
/* End PBXBuildFile section */

/* Begin PBXFileReference section */
		53086A972C3BEA870029E399 /* ImagePickerViewController.swift */ = {isa = PBXFileReference; lastKnownFileType = sourcecode.swift; path = ImagePickerViewController.swift; sourceTree = "<group>"; };
		53086A992C3C34E40029E399 /* ImageFileManager.swift */ = {isa = PBXFileReference; lastKnownFileType = sourcecode.swift; path = ImageFileManager.swift; sourceTree = "<group>"; };
		53086A9B2C3C3F260029E399 /* CalendarViewController.swift */ = {isa = PBXFileReference; lastKnownFileType = sourcecode.swift; path = CalendarViewController.swift; sourceTree = "<group>"; };
		53086AA12C3C458E0029E399 /* CalendarViewModel.swift */ = {isa = PBXFileReference; lastKnownFileType = sourcecode.swift; path = CalendarViewModel.swift; sourceTree = "<group>"; };
		533E12A72C33DDEA00885FAA /* Todo.app */ = {isa = PBXFileReference; explicitFileType = wrapper.application; includeInIndex = 0; path = Todo.app; sourceTree = BUILT_PRODUCTS_DIR; };
		533E12AA2C33DDEA00885FAA /* AppDelegate.swift */ = {isa = PBXFileReference; lastKnownFileType = sourcecode.swift; path = AppDelegate.swift; sourceTree = "<group>"; };
		533E12AC2C33DDEA00885FAA /* SceneDelegate.swift */ = {isa = PBXFileReference; lastKnownFileType = sourcecode.swift; path = SceneDelegate.swift; sourceTree = "<group>"; };
		533E12AE2C33DDEA00885FAA /* AddNewTodoViewController.swift */ = {isa = PBXFileReference; lastKnownFileType = sourcecode.swift; path = AddNewTodoViewController.swift; sourceTree = "<group>"; };
		533E12B32C33DDED00885FAA /* Assets.xcassets */ = {isa = PBXFileReference; lastKnownFileType = folder.assetcatalog; path = Assets.xcassets; sourceTree = "<group>"; };
		533E12B62C33DDED00885FAA /* Base */ = {isa = PBXFileReference; lastKnownFileType = file.storyboard; name = Base; path = Base.lproj/LaunchScreen.storyboard; sourceTree = "<group>"; };
		533E12B82C33DDED00885FAA /* Info.plist */ = {isa = PBXFileReference; lastKnownFileType = text.plist.xml; path = Info.plist; sourceTree = "<group>"; };
		533E12C02C33DE2400885FAA /* .gitignore */ = {isa = PBXFileReference; lastKnownFileType = text; path = .gitignore; sourceTree = "<group>"; };
		533E12C72C33E05000885FAA /* AddNewToDoViewModel.swift */ = {isa = PBXFileReference; lastKnownFileType = sourcecode.swift; path = AddNewToDoViewModel.swift; sourceTree = "<group>"; };
		533E12D12C33E99B00885FAA /* ReuseIdentifiable.swift */ = {isa = PBXFileReference; lastKnownFileType = sourcecode.swift; path = ReuseIdentifiable.swift; sourceTree = "<group>"; };
		533E12D32C33E9AE00885FAA /* Binding.swift */ = {isa = PBXFileReference; lastKnownFileType = sourcecode.swift; path = Binding.swift; sourceTree = "<group>"; };
		533E12D62C33EAB100885FAA /* TextFieldTableViewCell.swift */ = {isa = PBXFileReference; lastKnownFileType = sourcecode.swift; path = TextFieldTableViewCell.swift; sourceTree = "<group>"; };
		533E12D82C33ED2C00885FAA /* TextViewTableViewCell.swift */ = {isa = PBXFileReference; lastKnownFileType = sourcecode.swift; path = TextViewTableViewCell.swift; sourceTree = "<group>"; };
		533E12DC2C33FF0B00885FAA /* TodoColor.swift */ = {isa = PBXFileReference; lastKnownFileType = sourcecode.swift; path = TodoColor.swift; sourceTree = "<group>"; };
		533E12DE2C33FF2700885FAA /* LabelTableViewCell.swift */ = {isa = PBXFileReference; lastKnownFileType = sourcecode.swift; path = LabelTableViewCell.swift; sourceTree = "<group>"; };
		533E12E12C345F3B00885FAA /* TodoDTO.swift */ = {isa = PBXFileReference; lastKnownFileType = sourcecode.swift; path = TodoDTO.swift; sourceTree = "<group>"; };
		533E12E32C34619000885FAA /* TodoDataRepository.swift */ = {isa = PBXFileReference; lastKnownFileType = sourcecode.swift; path = TodoDataRepository.swift; sourceTree = "<group>"; };
		533E12E72C34635D00885FAA /* TodoListViewController.swift */ = {isa = PBXFileReference; lastKnownFileType = sourcecode.swift; path = TodoListViewController.swift; sourceTree = "<group>"; };
		533E12EA2C34669400885FAA /* TransferTableViewCellDataDelegate.swift */ = {isa = PBXFileReference; lastKnownFileType = sourcecode.swift; path = TransferTableViewCellDataDelegate.swift; sourceTree = "<group>"; };
		533E12ED2C34705600885FAA /* TodoListTableViewCell.swift */ = {isa = PBXFileReference; lastKnownFileType = sourcecode.swift; path = TodoListTableViewCell.swift; sourceTree = "<group>"; };
		533E12F02C34721F00885FAA /* TodoListViewModel.swift */ = {isa = PBXFileReference; lastKnownFileType = sourcecode.swift; path = TodoListViewModel.swift; sourceTree = "<group>"; };
		536C64C82C36889D00890316 /* UIViewController+Extension.swift */ = {isa = PBXFileReference; lastKnownFileType = sourcecode.swift; path = "UIViewController+Extension.swift"; sourceTree = "<group>"; };
		537A27F72C3ABFAB00173670 /* ClassifyViewController.swift */ = {isa = PBXFileReference; lastKnownFileType = sourcecode.swift; path = ClassifyViewController.swift; sourceTree = "<group>"; };
		537A27FA2C3AFF6700173670 /* ClassifyViewModel.swift */ = {isa = PBXFileReference; lastKnownFileType = sourcecode.swift; path = ClassifyViewModel.swift; sourceTree = "<group>"; };
		537A27FC2C3B002800173670 /* ClassifyCollectionViewCell.swift */ = {isa = PBXFileReference; lastKnownFileType = sourcecode.swift; path = ClassifyCollectionViewCell.swift; sourceTree = "<group>"; };
		53DE689F2C35A31F00873565 /* DueDateViewController.swift */ = {isa = PBXFileReference; lastKnownFileType = sourcecode.swift; path = DueDateViewController.swift; sourceTree = "<group>"; };
		53DE68A22C35AA6900873565 /* Date+Extension.swift */ = {isa = PBXFileReference; lastKnownFileType = sourcecode.swift; path = "Date+Extension.swift"; sourceTree = "<group>"; };
		53DE68A42C35BB6700873565 /* TagViewController.swift */ = {isa = PBXFileReference; lastKnownFileType = sourcecode.swift; path = TagViewController.swift; sourceTree = "<group>"; };
		53DE68A62C35BEA700873565 /* PriorityViewController.swift */ = {isa = PBXFileReference; lastKnownFileType = sourcecode.swift; path = PriorityViewController.swift; sourceTree = "<group>"; };
/* End PBXFileReference section */

/* Begin PBXFrameworksBuildPhase section */
		533E12A42C33DDEA00885FAA /* Frameworks */ = {
			isa = PBXFrameworksBuildPhase;
			buildActionMask = 2147483647;
			files = (
				533E12CF2C33E8E600885FAA /* RealmSwift in Frameworks */,
				53086AA02C3C3FDC0029E399 /* FSCalendar in Frameworks */,
				533E12CC2C33E8BE00885FAA /* SnapKit in Frameworks */,
			);
			runOnlyForDeploymentPostprocessing = 0;
		};
/* End PBXFrameworksBuildPhase section */

/* Begin PBXGroup section */
		53086A9D2C3C3FA70029E399 /* Cell */ = {
			isa = PBXGroup;
			children = (
				537A27FC2C3B002800173670 /* ClassifyCollectionViewCell.swift */,
			);
			path = Cell;
			sourceTree = "<group>";
		};
		533E129E2C33DDEA00885FAA = {
			isa = PBXGroup;
			children = (
				533E12C02C33DE2400885FAA /* .gitignore */,
				533E12A92C33DDEA00885FAA /* Todo */,
				533E12A82C33DDEA00885FAA /* Products */,
			);
			sourceTree = "<group>";
		};
		533E12A82C33DDEA00885FAA /* Products */ = {
			isa = PBXGroup;
			children = (
				533E12A72C33DDEA00885FAA /* Todo.app */,
			);
			name = Products;
			sourceTree = "<group>";
		};
		533E12A92C33DDEA00885FAA /* Todo */ = {
			isa = PBXGroup;
			children = (
				536C64CA2C368E5100890316 /* View */,
				53DE68A12C35AA6200873565 /* Extension */,
				533E12E02C345F2D00885FAA /* DataBase */,
				533E12DA2C33FEFF00885FAA /* DesignSystem */,
				533E12D02C33E98900885FAA /* Utility */,
				533E12AA2C33DDEA00885FAA /* AppDelegate.swift */,
				533E12AC2C33DDEA00885FAA /* SceneDelegate.swift */,
				533E12B32C33DDED00885FAA /* Assets.xcassets */,
				533E12B52C33DDED00885FAA /* LaunchScreen.storyboard */,
				533E12B82C33DDED00885FAA /* Info.plist */,
			);
			path = Todo;
			sourceTree = "<group>";
		};
		533E12C52C33E03700885FAA /* Add */ = {
			isa = PBXGroup;
			children = (
				533E12E92C34666D00885FAA /* Protocol */,
				533E12C92C33E05200885FAA /* View */,
				533E12C62C33E04200885FAA /* ViewModel */,
			);
			path = Add;
			sourceTree = "<group>";
		};
		533E12C62C33E04200885FAA /* ViewModel */ = {
			isa = PBXGroup;
			children = (
				533E12C72C33E05000885FAA /* AddNewToDoViewModel.swift */,
			);
			path = ViewModel;
			sourceTree = "<group>";
		};
		533E12C92C33E05200885FAA /* View */ = {
			isa = PBXGroup;
			children = (
				533E12D52C33EAA000885FAA /* Cell */,
				533E12AE2C33DDEA00885FAA /* AddNewTodoViewController.swift */,
				53DE689F2C35A31F00873565 /* DueDateViewController.swift */,
				53DE68A42C35BB6700873565 /* TagViewController.swift */,
				53DE68A62C35BEA700873565 /* PriorityViewController.swift */,
				53086A972C3BEA870029E399 /* ImagePickerViewController.swift */,
			);
			path = View;
			sourceTree = "<group>";
		};
		533E12D02C33E98900885FAA /* Utility */ = {
			isa = PBXGroup;
			children = (
				53086A992C3C34E40029E399 /* ImageFileManager.swift */,
				533E12D12C33E99B00885FAA /* ReuseIdentifiable.swift */,
				533E12D32C33E9AE00885FAA /* Binding.swift */,
			);
			path = Utility;
			sourceTree = "<group>";
		};
		533E12D52C33EAA000885FAA /* Cell */ = {
			isa = PBXGroup;
			children = (
				533E12D62C33EAB100885FAA /* TextFieldTableViewCell.swift */,
				533E12D82C33ED2C00885FAA /* TextViewTableViewCell.swift */,
				533E12DE2C33FF2700885FAA /* LabelTableViewCell.swift */,
			);
			path = Cell;
			sourceTree = "<group>";
		};
		533E12DA2C33FEFF00885FAA /* DesignSystem */ = {
			isa = PBXGroup;
			children = (
				533E12DB2C33FF0300885FAA /* Typography */,
			);
			path = DesignSystem;
			sourceTree = "<group>";
		};
		533E12DB2C33FF0300885FAA /* Typography */ = {
			isa = PBXGroup;
			children = (
				533E12DC2C33FF0B00885FAA /* TodoColor.swift */,
			);
			path = Typography;
			sourceTree = "<group>";
		};
		533E12E02C345F2D00885FAA /* DataBase */ = {
			isa = PBXGroup;
			children = (
				533E12E12C345F3B00885FAA /* TodoDTO.swift */,
				533E12E32C34619000885FAA /* TodoDataRepository.swift */,
			);
			path = DataBase;
			sourceTree = "<group>";
		};
		533E12E52C34634900885FAA /* List */ = {
			isa = PBXGroup;
			children = (
				533E12EF2C34721100885FAA /* ViewModel */,
				533E12E62C34635100885FAA /* View */,
			);
			path = List;
			sourceTree = "<group>";
		};
		533E12E62C34635100885FAA /* View */ = {
			isa = PBXGroup;
			children = (
				533E12EC2C34704D00885FAA /* Cell */,
				533E12E72C34635D00885FAA /* TodoListViewController.swift */,
			);
			path = View;
			sourceTree = "<group>";
		};
		533E12E92C34666D00885FAA /* Protocol */ = {
			isa = PBXGroup;
			children = (
				533E12EA2C34669400885FAA /* TransferTableViewCellDataDelegate.swift */,
			);
			path = Protocol;
			sourceTree = "<group>";
		};
		533E12EC2C34704D00885FAA /* Cell */ = {
			isa = PBXGroup;
			children = (
				533E12ED2C34705600885FAA /* TodoListTableViewCell.swift */,
			);
			path = Cell;
			sourceTree = "<group>";
		};
		533E12EF2C34721100885FAA /* ViewModel */ = {
			isa = PBXGroup;
			children = (
				533E12F02C34721F00885FAA /* TodoListViewModel.swift */,
			);
			path = ViewModel;
			sourceTree = "<group>";
		};
		536C64CA2C368E5100890316 /* View */ = {
			isa = PBXGroup;
			children = (
				537A27F52C3ABF9400173670 /* Classify */,
				533E12C52C33E03700885FAA /* Add */,
				533E12E52C34634900885FAA /* List */,
			);
			path = View;
			sourceTree = "<group>";
		};
		537A27F52C3ABF9400173670 /* Classify */ = {
			isa = PBXGroup;
			children = (
				537A27F92C3AFF5A00173670 /* ViewModel */,
				537A27F62C3ABFA300173670 /* View */,
			);
			path = Classify;
			sourceTree = "<group>";
		};
		537A27F62C3ABFA300173670 /* View */ = {
			isa = PBXGroup;
			children = (
				53086A9D2C3C3FA70029E399 /* Cell */,
				537A27F72C3ABFAB00173670 /* ClassifyViewController.swift */,
				53086A9B2C3C3F260029E399 /* CalendarViewController.swift */,
			);
			path = View;
			sourceTree = "<group>";
		};
		537A27F92C3AFF5A00173670 /* ViewModel */ = {
			isa = PBXGroup;
			children = (
				537A27FA2C3AFF6700173670 /* ClassifyViewModel.swift */,
				53086AA12C3C458E0029E399 /* CalendarViewModel.swift */,
			);
			path = ViewModel;
			sourceTree = "<group>";
		};
		53DE68A12C35AA6200873565 /* Extension */ = {
			isa = PBXGroup;
			children = (
				53DE68A22C35AA6900873565 /* Date+Extension.swift */,
				536C64C82C36889D00890316 /* UIViewController+Extension.swift */,
			);
			path = Extension;
			sourceTree = "<group>";
		};
/* End PBXGroup section */

/* Begin PBXNativeTarget section */
		533E12A62C33DDEA00885FAA /* Todo */ = {
			isa = PBXNativeTarget;
			buildConfigurationList = 533E12BB2C33DDED00885FAA /* Build configuration list for PBXNativeTarget "Todo" */;
			buildPhases = (
				533E12A32C33DDEA00885FAA /* Sources */,
				533E12A42C33DDEA00885FAA /* Frameworks */,
				533E12A52C33DDEA00885FAA /* Resources */,
			);
			buildRules = (
			);
			dependencies = (
			);
			name = Todo;
			packageProductDependencies = (
				533E12CB2C33E8BE00885FAA /* SnapKit */,
				533E12CE2C33E8E600885FAA /* RealmSwift */,
				53086A9F2C3C3FDC0029E399 /* FSCalendar */,
			);
			productName = Todo;
			productReference = 533E12A72C33DDEA00885FAA /* Todo.app */;
			productType = "com.apple.product-type.application";
		};
/* End PBXNativeTarget section */

/* Begin PBXProject section */
		533E129F2C33DDEA00885FAA /* Project object */ = {
			isa = PBXProject;
			attributes = {
				BuildIndependentTargetsInParallel = 1;
				LastSwiftUpdateCheck = 1530;
				LastUpgradeCheck = 1530;
				TargetAttributes = {
					533E12A62C33DDEA00885FAA = {
						CreatedOnToolsVersion = 15.3;
					};
				};
			};
			buildConfigurationList = 533E12A22C33DDEA00885FAA /* Build configuration list for PBXProject "Todo" */;
			compatibilityVersion = "Xcode 14.0";
			developmentRegion = en;
			hasScannedForEncodings = 0;
			knownRegions = (
				en,
				Base,
			);
			mainGroup = 533E129E2C33DDEA00885FAA;
			packageReferences = (
				533E12CA2C33E8BE00885FAA /* XCRemoteSwiftPackageReference "SnapKit" */,
				533E12CD2C33E8E600885FAA /* XCRemoteSwiftPackageReference "realm-swift" */,
				53086A9E2C3C3FDC0029E399 /* XCRemoteSwiftPackageReference "FSCalendar" */,
			);
			productRefGroup = 533E12A82C33DDEA00885FAA /* Products */;
			projectDirPath = "";
			projectRoot = "";
			targets = (
				533E12A62C33DDEA00885FAA /* Todo */,
			);
		};
/* End PBXProject section */

/* Begin PBXResourcesBuildPhase section */
		533E12A52C33DDEA00885FAA /* Resources */ = {
			isa = PBXResourcesBuildPhase;
			buildActionMask = 2147483647;
			files = (
				533E12C12C33DE2400885FAA /* .gitignore in Resources */,
				533E12B42C33DDED00885FAA /* Assets.xcassets in Resources */,
				533E12B72C33DDED00885FAA /* Base in Resources */,
			);
			runOnlyForDeploymentPostprocessing = 0;
		};
/* End PBXResourcesBuildPhase section */

/* Begin PBXSourcesBuildPhase section */
		533E12A32C33DDEA00885FAA /* Sources */ = {
			isa = PBXSourcesBuildPhase;
			buildActionMask = 2147483647;
			files = (
				533E12F12C34721F00885FAA /* TodoListViewModel.swift in Sources */,
				533E12DD2C33FF0B00885FAA /* TodoColor.swift in Sources */,
				533E12AF2C33DDEA00885FAA /* AddNewTodoViewController.swift in Sources */,
				53DE68A02C35A31F00873565 /* DueDateViewController.swift in Sources */,
				53DE68A72C35BEA700873565 /* PriorityViewController.swift in Sources */,
				533E12E82C34635D00885FAA /* TodoListViewController.swift in Sources */,
				533E12E42C34619000885FAA /* TodoDataRepository.swift in Sources */,
				533E12D92C33ED2C00885FAA /* TextViewTableViewCell.swift in Sources */,
				537A27FB2C3AFF6700173670 /* ClassifyViewModel.swift in Sources */,
				533E12E22C345F3B00885FAA /* TodoDTO.swift in Sources */,
				533E12D42C33E9AE00885FAA /* Binding.swift in Sources */,
				533E12EB2C34669400885FAA /* TransferTableViewCellDataDelegate.swift in Sources */,
				533E12EE2C34705600885FAA /* TodoListTableViewCell.swift in Sources */,
				537A27FD2C3B002800173670 /* ClassifyCollectionViewCell.swift in Sources */,
				533E12D22C33E99B00885FAA /* ReuseIdentifiable.swift in Sources */,
				53DE68A52C35BB6700873565 /* TagViewController.swift in Sources */,
				533E12C82C33E05000885FAA /* AddNewToDoViewModel.swift in Sources */,
				533E12D72C33EAB100885FAA /* TextFieldTableViewCell.swift in Sources */,
				533E12DF2C33FF2700885FAA /* LabelTableViewCell.swift in Sources */,
				53086A9A2C3C34E40029E399 /* ImageFileManager.swift in Sources */,
				53086AA22C3C458E0029E399 /* CalendarViewModel.swift in Sources */,
				533E12AB2C33DDEA00885FAA /* AppDelegate.swift in Sources */,
				537A27F82C3ABFAB00173670 /* ClassifyViewController.swift in Sources */,
				53086A982C3BEA870029E399 /* ImagePickerViewController.swift in Sources */,
				536C64C92C36889D00890316 /* UIViewController+Extension.swift in Sources */,
				53086A9C2C3C3F260029E399 /* CalendarViewController.swift in Sources */,
				533E12AD2C33DDEA00885FAA /* SceneDelegate.swift in Sources */,
				53DE68A32C35AA6900873565 /* Date+Extension.swift in Sources */,
			);
			runOnlyForDeploymentPostprocessing = 0;
		};
/* End PBXSourcesBuildPhase section */

/* Begin PBXVariantGroup section */
		533E12B52C33DDED00885FAA /* LaunchScreen.storyboard */ = {
			isa = PBXVariantGroup;
			children = (
				533E12B62C33DDED00885FAA /* Base */,
			);
			name = LaunchScreen.storyboard;
			sourceTree = "<group>";
		};
/* End PBXVariantGroup section */

/* Begin XCBuildConfiguration section */
		533E12B92C33DDED00885FAA /* Debug */ = {
			isa = XCBuildConfiguration;
			buildSettings = {
				ALWAYS_SEARCH_USER_PATHS = NO;
				ASSETCATALOG_COMPILER_GENERATE_SWIFT_ASSET_SYMBOL_EXTENSIONS = YES;
				CLANG_ANALYZER_NONNULL = YES;
				CLANG_ANALYZER_NUMBER_OBJECT_CONVERSION = YES_AGGRESSIVE;
				CLANG_CXX_LANGUAGE_STANDARD = "gnu++20";
				CLANG_ENABLE_MODULES = YES;
				CLANG_ENABLE_OBJC_ARC = YES;
				CLANG_ENABLE_OBJC_WEAK = YES;
				CLANG_WARN_BLOCK_CAPTURE_AUTORELEASING = YES;
				CLANG_WARN_BOOL_CONVERSION = YES;
				CLANG_WARN_COMMA = YES;
				CLANG_WARN_CONSTANT_CONVERSION = YES;
				CLANG_WARN_DEPRECATED_OBJC_IMPLEMENTATIONS = YES;
				CLANG_WARN_DIRECT_OBJC_ISA_USAGE = YES_ERROR;
				CLANG_WARN_DOCUMENTATION_COMMENTS = YES;
				CLANG_WARN_EMPTY_BODY = YES;
				CLANG_WARN_ENUM_CONVERSION = YES;
				CLANG_WARN_INFINITE_RECURSION = YES;
				CLANG_WARN_INT_CONVERSION = YES;
				CLANG_WARN_NON_LITERAL_NULL_CONVERSION = YES;
				CLANG_WARN_OBJC_IMPLICIT_RETAIN_SELF = YES;
				CLANG_WARN_OBJC_LITERAL_CONVERSION = YES;
				CLANG_WARN_OBJC_ROOT_CLASS = YES_ERROR;
				CLANG_WARN_QUOTED_INCLUDE_IN_FRAMEWORK_HEADER = YES;
				CLANG_WARN_RANGE_LOOP_ANALYSIS = YES;
				CLANG_WARN_STRICT_PROTOTYPES = YES;
				CLANG_WARN_SUSPICIOUS_MOVE = YES;
				CLANG_WARN_UNGUARDED_AVAILABILITY = YES_AGGRESSIVE;
				CLANG_WARN_UNREACHABLE_CODE = YES;
				CLANG_WARN__DUPLICATE_METHOD_MATCH = YES;
				COPY_PHASE_STRIP = NO;
				DEBUG_INFORMATION_FORMAT = dwarf;
				ENABLE_STRICT_OBJC_MSGSEND = YES;
				ENABLE_TESTABILITY = YES;
				ENABLE_USER_SCRIPT_SANDBOXING = YES;
				GCC_C_LANGUAGE_STANDARD = gnu17;
				GCC_DYNAMIC_NO_PIC = NO;
				GCC_NO_COMMON_BLOCKS = YES;
				GCC_OPTIMIZATION_LEVEL = 0;
				GCC_PREPROCESSOR_DEFINITIONS = (
					"DEBUG=1",
					"$(inherited)",
				);
				GCC_WARN_64_TO_32_BIT_CONVERSION = YES;
				GCC_WARN_ABOUT_RETURN_TYPE = YES_ERROR;
				GCC_WARN_UNDECLARED_SELECTOR = YES;
				GCC_WARN_UNINITIALIZED_AUTOS = YES_AGGRESSIVE;
				GCC_WARN_UNUSED_FUNCTION = YES;
				GCC_WARN_UNUSED_VARIABLE = YES;
				IPHONEOS_DEPLOYMENT_TARGET = 16.0;
				LOCALIZATION_PREFERS_STRING_CATALOGS = YES;
				MTL_ENABLE_DEBUG_INFO = INCLUDE_SOURCE;
				MTL_FAST_MATH = YES;
				ONLY_ACTIVE_ARCH = YES;
				SDKROOT = iphoneos;
				SWIFT_ACTIVE_COMPILATION_CONDITIONS = "DEBUG $(inherited)";
				SWIFT_OPTIMIZATION_LEVEL = "-Onone";
			};
			name = Debug;
		};
		533E12BA2C33DDED00885FAA /* Release */ = {
			isa = XCBuildConfiguration;
			buildSettings = {
				ALWAYS_SEARCH_USER_PATHS = NO;
				ASSETCATALOG_COMPILER_GENERATE_SWIFT_ASSET_SYMBOL_EXTENSIONS = YES;
				CLANG_ANALYZER_NONNULL = YES;
				CLANG_ANALYZER_NUMBER_OBJECT_CONVERSION = YES_AGGRESSIVE;
				CLANG_CXX_LANGUAGE_STANDARD = "gnu++20";
				CLANG_ENABLE_MODULES = YES;
				CLANG_ENABLE_OBJC_ARC = YES;
				CLANG_ENABLE_OBJC_WEAK = YES;
				CLANG_WARN_BLOCK_CAPTURE_AUTORELEASING = YES;
				CLANG_WARN_BOOL_CONVERSION = YES;
				CLANG_WARN_COMMA = YES;
				CLANG_WARN_CONSTANT_CONVERSION = YES;
				CLANG_WARN_DEPRECATED_OBJC_IMPLEMENTATIONS = YES;
				CLANG_WARN_DIRECT_OBJC_ISA_USAGE = YES_ERROR;
				CLANG_WARN_DOCUMENTATION_COMMENTS = YES;
				CLANG_WARN_EMPTY_BODY = YES;
				CLANG_WARN_ENUM_CONVERSION = YES;
				CLANG_WARN_INFINITE_RECURSION = YES;
				CLANG_WARN_INT_CONVERSION = YES;
				CLANG_WARN_NON_LITERAL_NULL_CONVERSION = YES;
				CLANG_WARN_OBJC_IMPLICIT_RETAIN_SELF = YES;
				CLANG_WARN_OBJC_LITERAL_CONVERSION = YES;
				CLANG_WARN_OBJC_ROOT_CLASS = YES_ERROR;
				CLANG_WARN_QUOTED_INCLUDE_IN_FRAMEWORK_HEADER = YES;
				CLANG_WARN_RANGE_LOOP_ANALYSIS = YES;
				CLANG_WARN_STRICT_PROTOTYPES = YES;
				CLANG_WARN_SUSPICIOUS_MOVE = YES;
				CLANG_WARN_UNGUARDED_AVAILABILITY = YES_AGGRESSIVE;
				CLANG_WARN_UNREACHABLE_CODE = YES;
				CLANG_WARN__DUPLICATE_METHOD_MATCH = YES;
				COPY_PHASE_STRIP = NO;
				DEBUG_INFORMATION_FORMAT = "dwarf-with-dsym";
				ENABLE_NS_ASSERTIONS = NO;
				ENABLE_STRICT_OBJC_MSGSEND = YES;
				ENABLE_USER_SCRIPT_SANDBOXING = YES;
				GCC_C_LANGUAGE_STANDARD = gnu17;
				GCC_NO_COMMON_BLOCKS = YES;
				GCC_WARN_64_TO_32_BIT_CONVERSION = YES;
				GCC_WARN_ABOUT_RETURN_TYPE = YES_ERROR;
				GCC_WARN_UNDECLARED_SELECTOR = YES;
				GCC_WARN_UNINITIALIZED_AUTOS = YES_AGGRESSIVE;
				GCC_WARN_UNUSED_FUNCTION = YES;
				GCC_WARN_UNUSED_VARIABLE = YES;
				IPHONEOS_DEPLOYMENT_TARGET = 16.0;
				LOCALIZATION_PREFERS_STRING_CATALOGS = YES;
				MTL_ENABLE_DEBUG_INFO = NO;
				MTL_FAST_MATH = YES;
				SDKROOT = iphoneos;
				SWIFT_COMPILATION_MODE = wholemodule;
				VALIDATE_PRODUCT = YES;
			};
			name = Release;
		};
		533E12BC2C33DDED00885FAA /* Debug */ = {
			isa = XCBuildConfiguration;
			buildSettings = {
				ASSETCATALOG_COMPILER_APPICON_NAME = AppIcon;
				ASSETCATALOG_COMPILER_GLOBAL_ACCENT_COLOR_NAME = AccentColor;
				CODE_SIGN_STYLE = Automatic;
				CURRENT_PROJECT_VERSION = 1;
				DEVELOPMENT_TEAM = CX8P4D8Z7M;
				GENERATE_INFOPLIST_FILE = YES;
				INFOPLIST_FILE = Todo/Info.plist;
				INFOPLIST_KEY_UIApplicationSupportsIndirectInputEvents = YES;
				INFOPLIST_KEY_UILaunchStoryboardName = LaunchScreen;
				INFOPLIST_KEY_UISupportedInterfaceOrientations_iPad = UIInterfaceOrientationPortrait;
				INFOPLIST_KEY_UISupportedInterfaceOrientations_iPhone = "UlInterfaceOrientationLandscapeRight UlInterfaceOrientationLandscapeLeft UIInterfaceOrientationPortrait";
				LD_RUNPATH_SEARCH_PATHS = (
					"$(inherited)",
					"@executable_path/Frameworks",
				);
				MARKETING_VERSION = 1.0;
				PRODUCT_BUNDLE_IDENTIFIER = sk.Todo;
				PRODUCT_NAME = "$(TARGET_NAME)";
				SWIFT_EMIT_LOC_STRINGS = YES;
				SWIFT_VERSION = 5.0;
				TARGETED_DEVICE_FAMILY = 1;
			};
			name = Debug;
		};
		533E12BD2C33DDED00885FAA /* Release */ = {
			isa = XCBuildConfiguration;
			buildSettings = {
				ASSETCATALOG_COMPILER_APPICON_NAME = AppIcon;
				ASSETCATALOG_COMPILER_GLOBAL_ACCENT_COLOR_NAME = AccentColor;
				CODE_SIGN_STYLE = Automatic;
				CURRENT_PROJECT_VERSION = 1;
				DEVELOPMENT_TEAM = CX8P4D8Z7M;
				GENERATE_INFOPLIST_FILE = YES;
				INFOPLIST_FILE = Todo/Info.plist;
				INFOPLIST_KEY_UIApplicationSupportsIndirectInputEvents = YES;
				INFOPLIST_KEY_UILaunchStoryboardName = LaunchScreen;
				INFOPLIST_KEY_UISupportedInterfaceOrientations_iPad = UIInterfaceOrientationPortrait;
				INFOPLIST_KEY_UISupportedInterfaceOrientations_iPhone = "UlInterfaceOrientationLandscapeRight UlInterfaceOrientationLandscapeLeft UIInterfaceOrientationPortrait";
				LD_RUNPATH_SEARCH_PATHS = (
					"$(inherited)",
					"@executable_path/Frameworks",
				);
				MARKETING_VERSION = 1.0;
				PRODUCT_BUNDLE_IDENTIFIER = sk.Todo;
				PRODUCT_NAME = "$(TARGET_NAME)";
				SWIFT_EMIT_LOC_STRINGS = YES;
				SWIFT_VERSION = 5.0;
				TARGETED_DEVICE_FAMILY = 1;
			};
			name = Release;
		};
/* End XCBuildConfiguration section */

/* Begin XCConfigurationList section */
		533E12A22C33DDEA00885FAA /* Build configuration list for PBXProject "Todo" */ = {
			isa = XCConfigurationList;
			buildConfigurations = (
				533E12B92C33DDED00885FAA /* Debug */,
				533E12BA2C33DDED00885FAA /* Release */,
			);
			defaultConfigurationIsVisible = 0;
			defaultConfigurationName = Release;
		};
		533E12BB2C33DDED00885FAA /* Build configuration list for PBXNativeTarget "Todo" */ = {
			isa = XCConfigurationList;
			buildConfigurations = (
				533E12BC2C33DDED00885FAA /* Debug */,
				533E12BD2C33DDED00885FAA /* Release */,
			);
			defaultConfigurationIsVisible = 0;
			defaultConfigurationName = Release;
		};
/* End XCConfigurationList section */

/* Begin XCRemoteSwiftPackageReference section */
		53086A9E2C3C3FDC0029E399 /* XCRemoteSwiftPackageReference "FSCalendar" */ = {
			isa = XCRemoteSwiftPackageReference;
			repositoryURL = "https://github.com/WenchaoD/FSCalendar.git";
			requirement = {
				kind = upToNextMajorVersion;
				minimumVersion = 2.8.4;
			};
		};
		533E12CA2C33E8BE00885FAA /* XCRemoteSwiftPackageReference "SnapKit" */ = {
			isa = XCRemoteSwiftPackageReference;
			repositoryURL = "https://github.com/SnapKit/SnapKit.git";
			requirement = {
				kind = upToNextMajorVersion;
				minimumVersion = 5.7.1;
			};
		};
		533E12CD2C33E8E600885FAA /* XCRemoteSwiftPackageReference "realm-swift" */ = {
			isa = XCRemoteSwiftPackageReference;
			repositoryURL = "https://github.com/realm/realm-swift.git";
			requirement = {
				kind = exactVersion;
				version = 10.52.1;
			};
		};
/* End XCRemoteSwiftPackageReference section */

/* Begin XCSwiftPackageProductDependency section */
		53086A9F2C3C3FDC0029E399 /* FSCalendar */ = {
			isa = XCSwiftPackageProductDependency;
			package = 53086A9E2C3C3FDC0029E399 /* XCRemoteSwiftPackageReference "FSCalendar" */;
			productName = FSCalendar;
		};
		533E12CB2C33E8BE00885FAA /* SnapKit */ = {
			isa = XCSwiftPackageProductDependency;
			package = 533E12CA2C33E8BE00885FAA /* XCRemoteSwiftPackageReference "SnapKit" */;
			productName = SnapKit;
		};
		533E12CE2C33E8E600885FAA /* RealmSwift */ = {
			isa = XCSwiftPackageProductDependency;
			package = 533E12CD2C33E8E600885FAA /* XCRemoteSwiftPackageReference "realm-swift" */;
			productName = RealmSwift;
		};
/* End XCSwiftPackageProductDependency section */
	};
	rootObject = 533E129F2C33DDEA00885FAA /* Project object */;
}
