// !$*UTF8*$!
{
	archiveVersion = 1;
	classes = {
	};
	objectVersion = 56;
	objects = {

/* Begin PBXBuildFile section */
		5347D6642C58D63F00FEB0A5 /* AppDelegate.swift in Sources */ = {isa = PBXBuildFile; fileRef = 5347D6632C58D63F00FEB0A5 /* AppDelegate.swift */; };
		5347D6662C58D63F00FEB0A5 /* SceneDelegate.swift in Sources */ = {isa = PBXBuildFile; fileRef = 5347D6652C58D63F00FEB0A5 /* SceneDelegate.swift */; };
		5347D6682C58D63F00FEB0A5 /* ViewController.swift in Sources */ = {isa = PBXBuildFile; fileRef = 5347D6672C58D63F00FEB0A5 /* ViewController.swift */; };
		5347D66B2C58D63F00FEB0A5 /* Base in Resources */ = {isa = PBXBuildFile; fileRef = 5347D66A2C58D63F00FEB0A5 /* Base */; };
		5347D66D2C58D64200FEB0A5 /* Assets.xcassets in Resources */ = {isa = PBXBuildFile; fileRef = 5347D66C2C58D64200FEB0A5 /* Assets.xcassets */; };
		5347D6702C58D64200FEB0A5 /* Base in Resources */ = {isa = PBXBuildFile; fileRef = 5347D66F2C58D64200FEB0A5 /* Base */; };
		5347D6792C58DC5900FEB0A5 /* SnapKit in Frameworks */ = {isa = PBXBuildFile; productRef = 5347D6782C58DC5900FEB0A5 /* SnapKit */; };
		5347D67C2C58DC6700FEB0A5 /* RxCocoa in Frameworks */ = {isa = PBXBuildFile; productRef = 5347D67B2C58DC6700FEB0A5 /* RxCocoa */; };
		5347D67E2C58DC6700FEB0A5 /* RxSwift in Frameworks */ = {isa = PBXBuildFile; productRef = 5347D67D2C58DC6700FEB0A5 /* RxSwift */; };
		5347D6832C58DFB200FEB0A5 /* ButtonViewController.swift in Sources */ = {isa = PBXBuildFile; fileRef = 5347D6822C58DFB200FEB0A5 /* ButtonViewController.swift */; };
		5347D6862C59526100FEB0A5 /* SimplePickerViewController.swift in Sources */ = {isa = PBXBuildFile; fileRef = 5347D6852C59526100FEB0A5 /* SimplePickerViewController.swift */; };
		5347D6882C59541200FEB0A5 /* SimpleTableViewController.swift in Sources */ = {isa = PBXBuildFile; fileRef = 5347D6872C59541200FEB0A5 /* SimpleTableViewController.swift */; };
		5347D68A2C59559100FEB0A5 /* SimpleUISwitchViewController.swift in Sources */ = {isa = PBXBuildFile; fileRef = 5347D6892C59559100FEB0A5 /* SimpleUISwitchViewController.swift */; };
		5347D68C2C59568D00FEB0A5 /* SimpleTextFieldViewController.swift in Sources */ = {isa = PBXBuildFile; fileRef = 5347D68B2C59568D00FEB0A5 /* SimpleTextFieldViewController.swift */; };
		5347D68E2C595EC900FEB0A5 /* ObervableExample.swift in Sources */ = {isa = PBXBuildFile; fileRef = 5347D68D2C595EC900FEB0A5 /* ObervableExample.swift */; };
		5347D6932C5A914900FEB0A5 /* AddingNumberViewController.swift in Sources */ = {isa = PBXBuildFile; fileRef = 5347D6922C5A914900FEB0A5 /* AddingNumberViewController.swift */; };
		5347D6952C5A938100FEB0A5 /* SimpleValidationViewController.swift in Sources */ = {isa = PBXBuildFile; fileRef = 5347D6942C5A938100FEB0A5 /* SimpleValidationViewController.swift */; };
		5347D6972C5A984D00FEB0A5 /* SimpleTableView2Controller.swift in Sources */ = {isa = PBXBuildFile; fileRef = 5347D6962C5A984D00FEB0A5 /* SimpleTableView2Controller.swift */; };
/* End PBXBuildFile section */

/* Begin PBXFileReference section */
		5347D6602C58D63F00FEB0A5 /* Sesac_RxSwift_Practice.app */ = {isa = PBXFileReference; explicitFileType = wrapper.application; includeInIndex = 0; path = Sesac_RxSwift_Practice.app; sourceTree = BUILT_PRODUCTS_DIR; };
		5347D6632C58D63F00FEB0A5 /* AppDelegate.swift */ = {isa = PBXFileReference; lastKnownFileType = sourcecode.swift; path = AppDelegate.swift; sourceTree = "<group>"; };
		5347D6652C58D63F00FEB0A5 /* SceneDelegate.swift */ = {isa = PBXFileReference; lastKnownFileType = sourcecode.swift; path = SceneDelegate.swift; sourceTree = "<group>"; };
		5347D6672C58D63F00FEB0A5 /* ViewController.swift */ = {isa = PBXFileReference; lastKnownFileType = sourcecode.swift; path = ViewController.swift; sourceTree = "<group>"; };
		5347D66A2C58D63F00FEB0A5 /* Base */ = {isa = PBXFileReference; lastKnownFileType = file.storyboard; name = Base; path = Base.lproj/Main.storyboard; sourceTree = "<group>"; };
		5347D66C2C58D64200FEB0A5 /* Assets.xcassets */ = {isa = PBXFileReference; lastKnownFileType = folder.assetcatalog; path = Assets.xcassets; sourceTree = "<group>"; };
		5347D66F2C58D64200FEB0A5 /* Base */ = {isa = PBXFileReference; lastKnownFileType = file.storyboard; name = Base; path = Base.lproj/LaunchScreen.storyboard; sourceTree = "<group>"; };
		5347D6712C58D64200FEB0A5 /* Info.plist */ = {isa = PBXFileReference; lastKnownFileType = text.plist.xml; path = Info.plist; sourceTree = "<group>"; };
		5347D6812C58DCBB00FEB0A5 /* RxSwift정리.md */ = {isa = PBXFileReference; lastKnownFileType = net.daringfireball.markdown; path = "RxSwift정리.md"; sourceTree = "<group>"; };
		5347D6822C58DFB200FEB0A5 /* ButtonViewController.swift */ = {isa = PBXFileReference; lastKnownFileType = sourcecode.swift; path = ButtonViewController.swift; sourceTree = "<group>"; };
		5347D6852C59526100FEB0A5 /* SimplePickerViewController.swift */ = {isa = PBXFileReference; lastKnownFileType = sourcecode.swift; path = SimplePickerViewController.swift; sourceTree = "<group>"; };
		5347D6872C59541200FEB0A5 /* SimpleTableViewController.swift */ = {isa = PBXFileReference; lastKnownFileType = sourcecode.swift; path = SimpleTableViewController.swift; sourceTree = "<group>"; };
		5347D6892C59559100FEB0A5 /* SimpleUISwitchViewController.swift */ = {isa = PBXFileReference; lastKnownFileType = sourcecode.swift; path = SimpleUISwitchViewController.swift; sourceTree = "<group>"; };
		5347D68B2C59568D00FEB0A5 /* SimpleTextFieldViewController.swift */ = {isa = PBXFileReference; lastKnownFileType = sourcecode.swift; path = SimpleTextFieldViewController.swift; sourceTree = "<group>"; };
		5347D68D2C595EC900FEB0A5 /* ObervableExample.swift */ = {isa = PBXFileReference; lastKnownFileType = sourcecode.swift; path = ObervableExample.swift; sourceTree = "<group>"; };
		5347D6922C5A914900FEB0A5 /* AddingNumberViewController.swift */ = {isa = PBXFileReference; lastKnownFileType = sourcecode.swift; path = AddingNumberViewController.swift; sourceTree = "<group>"; };
		5347D6942C5A938100FEB0A5 /* SimpleValidationViewController.swift */ = {isa = PBXFileReference; lastKnownFileType = sourcecode.swift; path = SimpleValidationViewController.swift; sourceTree = "<group>"; };
		5347D6962C5A984D00FEB0A5 /* SimpleTableView2Controller.swift */ = {isa = PBXFileReference; lastKnownFileType = sourcecode.swift; path = SimpleTableView2Controller.swift; sourceTree = "<group>"; };
/* End PBXFileReference section */

/* Begin PBXFrameworksBuildPhase section */
		5347D65D2C58D63F00FEB0A5 /* Frameworks */ = {
			isa = PBXFrameworksBuildPhase;
			buildActionMask = 2147483647;
			files = (
				5347D67E2C58DC6700FEB0A5 /* RxSwift in Frameworks */,
				5347D67C2C58DC6700FEB0A5 /* RxCocoa in Frameworks */,
				5347D6792C58DC5900FEB0A5 /* SnapKit in Frameworks */,
			);
			runOnlyForDeploymentPostprocessing = 0;
		};
/* End PBXFrameworksBuildPhase section */

/* Begin PBXGroup section */
		5347D6572C58D63F00FEB0A5 = {
			isa = PBXGroup;
			children = (
				5347D6622C58D63F00FEB0A5 /* Sesac_RxSwift_Practice */,
				5347D6612C58D63F00FEB0A5 /* Products */,
			);
			sourceTree = "<group>";
		};
		5347D6612C58D63F00FEB0A5 /* Products */ = {
			isa = PBXGroup;
			children = (
				5347D6602C58D63F00FEB0A5 /* Sesac_RxSwift_Practice.app */,
			);
			name = Products;
			sourceTree = "<group>";
		};
		5347D6622C58D63F00FEB0A5 /* Sesac_RxSwift_Practice */ = {
			isa = PBXGroup;
			children = (
				5347D6842C59524F00FEB0A5 /* RxCocoa_Practice */,
				5347D6632C58D63F00FEB0A5 /* AppDelegate.swift */,
				5347D6652C58D63F00FEB0A5 /* SceneDelegate.swift */,
				5347D6672C58D63F00FEB0A5 /* ViewController.swift */,
				5347D6692C58D63F00FEB0A5 /* Main.storyboard */,
				5347D66C2C58D64200FEB0A5 /* Assets.xcassets */,
				5347D66E2C58D64200FEB0A5 /* LaunchScreen.storyboard */,
				5347D6712C58D64200FEB0A5 /* Info.plist */,
				5347D6812C58DCBB00FEB0A5 /* RxSwift정리.md */,
			);
			path = Sesac_RxSwift_Practice;
			sourceTree = "<group>";
		};
		5347D6842C59524F00FEB0A5 /* RxCocoa_Practice */ = {
			isa = PBXGroup;
			children = (
				5347D6822C58DFB200FEB0A5 /* ButtonViewController.swift */,
				5347D6852C59526100FEB0A5 /* SimplePickerViewController.swift */,
				5347D6872C59541200FEB0A5 /* SimpleTableViewController.swift */,
				5347D6892C59559100FEB0A5 /* SimpleUISwitchViewController.swift */,
				5347D68B2C59568D00FEB0A5 /* SimpleTextFieldViewController.swift */,
				5347D68D2C595EC900FEB0A5 /* ObervableExample.swift */,
				5347D6922C5A914900FEB0A5 /* AddingNumberViewController.swift */,
				5347D6942C5A938100FEB0A5 /* SimpleValidationViewController.swift */,
				5347D6962C5A984D00FEB0A5 /* SimpleTableView2Controller.swift */,
			);
			path = RxCocoa_Practice;
			sourceTree = "<group>";
		};
/* End PBXGroup section */

/* Begin PBXNativeTarget section */
		5347D65F2C58D63F00FEB0A5 /* Sesac_RxSwift_Practice */ = {
			isa = PBXNativeTarget;
			buildConfigurationList = 5347D6742C58D64200FEB0A5 /* Build configuration list for PBXNativeTarget "Sesac_RxSwift_Practice" */;
			buildPhases = (
				5347D65C2C58D63F00FEB0A5 /* Sources */,
				5347D65D2C58D63F00FEB0A5 /* Frameworks */,
				5347D65E2C58D63F00FEB0A5 /* Resources */,
			);
			buildRules = (
			);
			dependencies = (
			);
			name = Sesac_RxSwift_Practice;
			packageProductDependencies = (
				5347D6782C58DC5900FEB0A5 /* SnapKit */,
				5347D67B2C58DC6700FEB0A5 /* RxCocoa */,
				5347D67D2C58DC6700FEB0A5 /* RxSwift */,
			);
			productName = Sesac_RxSwift_Practice;
			productReference = 5347D6602C58D63F00FEB0A5 /* Sesac_RxSwift_Practice.app */;
			productType = "com.apple.product-type.application";
		};
/* End PBXNativeTarget section */

/* Begin PBXProject section */
		5347D6582C58D63F00FEB0A5 /* Project object */ = {
			isa = PBXProject;
			attributes = {
				BuildIndependentTargetsInParallel = 1;
				LastSwiftUpdateCheck = 1530;
				LastUpgradeCheck = 1530;
				TargetAttributes = {
					5347D65F2C58D63F00FEB0A5 = {
						CreatedOnToolsVersion = 15.3;
					};
				};
			};
			buildConfigurationList = 5347D65B2C58D63F00FEB0A5 /* Build configuration list for PBXProject "Sesac_RxSwift_Practice" */;
			compatibilityVersion = "Xcode 14.0";
			developmentRegion = en;
			hasScannedForEncodings = 0;
			knownRegions = (
				en,
				Base,
			);
			mainGroup = 5347D6572C58D63F00FEB0A5;
			packageReferences = (
				5347D6772C58DC5900FEB0A5 /* XCRemoteSwiftPackageReference "SnapKit" */,
				5347D67A2C58DC6700FEB0A5 /* XCRemoteSwiftPackageReference "RxSwift" */,
			);
			productRefGroup = 5347D6612C58D63F00FEB0A5 /* Products */;
			projectDirPath = "";
			projectRoot = "";
			targets = (
				5347D65F2C58D63F00FEB0A5 /* Sesac_RxSwift_Practice */,
			);
		};
/* End PBXProject section */

/* Begin PBXResourcesBuildPhase section */
		5347D65E2C58D63F00FEB0A5 /* Resources */ = {
			isa = PBXResourcesBuildPhase;
			buildActionMask = 2147483647;
			files = (
				5347D66D2C58D64200FEB0A5 /* Assets.xcassets in Resources */,
				5347D6702C58D64200FEB0A5 /* Base in Resources */,
				5347D66B2C58D63F00FEB0A5 /* Base in Resources */,
			);
			runOnlyForDeploymentPostprocessing = 0;
		};
/* End PBXResourcesBuildPhase section */

/* Begin PBXSourcesBuildPhase section */
		5347D65C2C58D63F00FEB0A5 /* Sources */ = {
			isa = PBXSourcesBuildPhase;
			buildActionMask = 2147483647;
			files = (
				5347D68E2C595EC900FEB0A5 /* ObervableExample.swift in Sources */,
				5347D68C2C59568D00FEB0A5 /* SimpleTextFieldViewController.swift in Sources */,
				5347D6952C5A938100FEB0A5 /* SimpleValidationViewController.swift in Sources */,
				5347D6832C58DFB200FEB0A5 /* ButtonViewController.swift in Sources */,
				5347D6682C58D63F00FEB0A5 /* ViewController.swift in Sources */,
				5347D6642C58D63F00FEB0A5 /* AppDelegate.swift in Sources */,
				5347D6882C59541200FEB0A5 /* SimpleTableViewController.swift in Sources */,
				5347D6932C5A914900FEB0A5 /* AddingNumberViewController.swift in Sources */,
				5347D6972C5A984D00FEB0A5 /* SimpleTableView2Controller.swift in Sources */,
				5347D6862C59526100FEB0A5 /* SimplePickerViewController.swift in Sources */,
				5347D68A2C59559100FEB0A5 /* SimpleUISwitchViewController.swift in Sources */,
				5347D6662C58D63F00FEB0A5 /* SceneDelegate.swift in Sources */,
			);
			runOnlyForDeploymentPostprocessing = 0;
		};
/* End PBXSourcesBuildPhase section */

/* Begin PBXVariantGroup section */
		5347D6692C58D63F00FEB0A5 /* Main.storyboard */ = {
			isa = PBXVariantGroup;
			children = (
				5347D66A2C58D63F00FEB0A5 /* Base */,
			);
			name = Main.storyboard;
			sourceTree = "<group>";
		};
		5347D66E2C58D64200FEB0A5 /* LaunchScreen.storyboard */ = {
			isa = PBXVariantGroup;
			children = (
				5347D66F2C58D64200FEB0A5 /* Base */,
			);
			name = LaunchScreen.storyboard;
			sourceTree = "<group>";
		};
/* End PBXVariantGroup section */

/* Begin XCBuildConfiguration section */
		5347D6722C58D64200FEB0A5 /* Debug */ = {
			isa = XCBuildConfiguration;
			buildSettings = {
				ALWAYS_SEARCH_USER_PATHS = NO;
				ASSETCATALOG_COMPILER_GENERATE_SWIFT_ASSET_SYMBOL_EXTENSIONS = YES;
				CLANG_ANALYZER_NONNULL = YES;
				CLANG_ANALYZER_NUMBER_OBJECT_CONVERSION = YES_AGGRESSIVE;
				CLANG_CXX_LANGUAGE_STANDARD = "gnu++20";
				CLANG_ENABLE_MODULES = YES;
				CLANG_ENABLE_OBJC_ARC = YES;
				CLANG_ENABLE_OBJC_WEAK = YES;
				CLANG_WARN_BLOCK_CAPTURE_AUTORELEASING = YES;
				CLANG_WARN_BOOL_CONVERSION = YES;
				CLANG_WARN_COMMA = YES;
				CLANG_WARN_CONSTANT_CONVERSION = YES;
				CLANG_WARN_DEPRECATED_OBJC_IMPLEMENTATIONS = YES;
				CLANG_WARN_DIRECT_OBJC_ISA_USAGE = YES_ERROR;
				CLANG_WARN_DOCUMENTATION_COMMENTS = YES;
				CLANG_WARN_EMPTY_BODY = YES;
				CLANG_WARN_ENUM_CONVERSION = YES;
				CLANG_WARN_INFINITE_RECURSION = YES;
				CLANG_WARN_INT_CONVERSION = YES;
				CLANG_WARN_NON_LITERAL_NULL_CONVERSION = YES;
				CLANG_WARN_OBJC_IMPLICIT_RETAIN_SELF = YES;
				CLANG_WARN_OBJC_LITERAL_CONVERSION = YES;
				CLANG_WARN_OBJC_ROOT_CLASS = YES_ERROR;
				CLANG_WARN_QUOTED_INCLUDE_IN_FRAMEWORK_HEADER = YES;
				CLANG_WARN_RANGE_LOOP_ANALYSIS = YES;
				CLANG_WARN_STRICT_PROTOTYPES = YES;
				CLANG_WARN_SUSPICIOUS_MOVE = YES;
				CLANG_WARN_UNGUARDED_AVAILABILITY = YES_AGGRESSIVE;
				CLANG_WARN_UNREACHABLE_CODE = YES;
				CLANG_WARN__DUPLICATE_METHOD_MATCH = YES;
				COPY_PHASE_STRIP = NO;
				DEBUG_INFORMATION_FORMAT = dwarf;
				ENABLE_STRICT_OBJC_MSGSEND = YES;
				ENABLE_TESTABILITY = YES;
				ENABLE_USER_SCRIPT_SANDBOXING = YES;
				GCC_C_LANGUAGE_STANDARD = gnu17;
				GCC_DYNAMIC_NO_PIC = NO;
				GCC_NO_COMMON_BLOCKS = YES;
				GCC_OPTIMIZATION_LEVEL = 0;
				GCC_PREPROCESSOR_DEFINITIONS = (
					"DEBUG=1",
					"$(inherited)",
				);
				GCC_WARN_64_TO_32_BIT_CONVERSION = YES;
				GCC_WARN_ABOUT_RETURN_TYPE = YES_ERROR;
				GCC_WARN_UNDECLARED_SELECTOR = YES;
				GCC_WARN_UNINITIALIZED_AUTOS = YES_AGGRESSIVE;
				GCC_WARN_UNUSED_FUNCTION = YES;
				GCC_WARN_UNUSED_VARIABLE = YES;
				IPHONEOS_DEPLOYMENT_TARGET = 17.0;
				LOCALIZATION_PREFERS_STRING_CATALOGS = YES;
				MTL_ENABLE_DEBUG_INFO = INCLUDE_SOURCE;
				MTL_FAST_MATH = YES;
				ONLY_ACTIVE_ARCH = YES;
				SDKROOT = iphoneos;
				SWIFT_ACTIVE_COMPILATION_CONDITIONS = "DEBUG $(inherited)";
				SWIFT_OPTIMIZATION_LEVEL = "-Onone";
			};
			name = Debug;
		};
		5347D6732C58D64200FEB0A5 /* Release */ = {
			isa = XCBuildConfiguration;
			buildSettings = {
				ALWAYS_SEARCH_USER_PATHS = NO;
				ASSETCATALOG_COMPILER_GENERATE_SWIFT_ASSET_SYMBOL_EXTENSIONS = YES;
				CLANG_ANALYZER_NONNULL = YES;
				CLANG_ANALYZER_NUMBER_OBJECT_CONVERSION = YES_AGGRESSIVE;
				CLANG_CXX_LANGUAGE_STANDARD = "gnu++20";
				CLANG_ENABLE_MODULES = YES;
				CLANG_ENABLE_OBJC_ARC = YES;
				CLANG_ENABLE_OBJC_WEAK = YES;
				CLANG_WARN_BLOCK_CAPTURE_AUTORELEASING = YES;
				CLANG_WARN_BOOL_CONVERSION = YES;
				CLANG_WARN_COMMA = YES;
				CLANG_WARN_CONSTANT_CONVERSION = YES;
				CLANG_WARN_DEPRECATED_OBJC_IMPLEMENTATIONS = YES;
				CLANG_WARN_DIRECT_OBJC_ISA_USAGE = YES_ERROR;
				CLANG_WARN_DOCUMENTATION_COMMENTS = YES;
				CLANG_WARN_EMPTY_BODY = YES;
				CLANG_WARN_ENUM_CONVERSION = YES;
				CLANG_WARN_INFINITE_RECURSION = YES;
				CLANG_WARN_INT_CONVERSION = YES;
				CLANG_WARN_NON_LITERAL_NULL_CONVERSION = YES;
				CLANG_WARN_OBJC_IMPLICIT_RETAIN_SELF = YES;
				CLANG_WARN_OBJC_LITERAL_CONVERSION = YES;
				CLANG_WARN_OBJC_ROOT_CLASS = YES_ERROR;
				CLANG_WARN_QUOTED_INCLUDE_IN_FRAMEWORK_HEADER = YES;
				CLANG_WARN_RANGE_LOOP_ANALYSIS = YES;
				CLANG_WARN_STRICT_PROTOTYPES = YES;
				CLANG_WARN_SUSPICIOUS_MOVE = YES;
				CLANG_WARN_UNGUARDED_AVAILABILITY = YES_AGGRESSIVE;
				CLANG_WARN_UNREACHABLE_CODE = YES;
				CLANG_WARN__DUPLICATE_METHOD_MATCH = YES;
				COPY_PHASE_STRIP = NO;
				DEBUG_INFORMATION_FORMAT = "dwarf-with-dsym";
				ENABLE_NS_ASSERTIONS = NO;
				ENABLE_STRICT_OBJC_MSGSEND = YES;
				ENABLE_USER_SCRIPT_SANDBOXING = YES;
				GCC_C_LANGUAGE_STANDARD = gnu17;
				GCC_NO_COMMON_BLOCKS = YES;
				GCC_WARN_64_TO_32_BIT_CONVERSION = YES;
				GCC_WARN_ABOUT_RETURN_TYPE = YES_ERROR;
				GCC_WARN_UNDECLARED_SELECTOR = YES;
				GCC_WARN_UNINITIALIZED_AUTOS = YES_AGGRESSIVE;
				GCC_WARN_UNUSED_FUNCTION = YES;
				GCC_WARN_UNUSED_VARIABLE = YES;
				IPHONEOS_DEPLOYMENT_TARGET = 17.0;
				LOCALIZATION_PREFERS_STRING_CATALOGS = YES;
				MTL_ENABLE_DEBUG_INFO = NO;
				MTL_FAST_MATH = YES;
				SDKROOT = iphoneos;
				SWIFT_COMPILATION_MODE = wholemodule;
				VALIDATE_PRODUCT = YES;
			};
			name = Release;
		};
		5347D6752C58D64200FEB0A5 /* Debug */ = {
			isa = XCBuildConfiguration;
			buildSettings = {
				ASSETCATALOG_COMPILER_APPICON_NAME = AppIcon;
				ASSETCATALOG_COMPILER_GLOBAL_ACCENT_COLOR_NAME = AccentColor;
				CODE_SIGN_STYLE = Automatic;
				CURRENT_PROJECT_VERSION = 1;
				DEVELOPMENT_TEAM = CX8P4D8Z7M;
				GENERATE_INFOPLIST_FILE = YES;
				INFOPLIST_FILE = Sesac_RxSwift_Practice/Info.plist;
				INFOPLIST_KEY_UIApplicationSupportsIndirectInputEvents = YES;
				INFOPLIST_KEY_UILaunchStoryboardName = LaunchScreen;
				INFOPLIST_KEY_UIMainStoryboardFile = Main;
				INFOPLIST_KEY_UISupportedInterfaceOrientations_iPad = "UIInterfaceOrientationPortrait UIInterfaceOrientationPortraitUpsideDown UIInterfaceOrientationLandscapeLeft UIInterfaceOrientationLandscapeRight";
				INFOPLIST_KEY_UISupportedInterfaceOrientations_iPhone = "UIInterfaceOrientationPortrait UIInterfaceOrientationLandscapeLeft UIInterfaceOrientationLandscapeRight";
				LD_RUNPATH_SEARCH_PATHS = (
					"$(inherited)",
					"@executable_path/Frameworks",
				);
				MARKETING_VERSION = 1.0;
				PRODUCT_BUNDLE_IDENTIFIER = "sk.Sesac-RxSwift-Practice";
				PRODUCT_NAME = "$(TARGET_NAME)";
				SWIFT_EMIT_LOC_STRINGS = YES;
				SWIFT_VERSION = 5.0;
				TARGETED_DEVICE_FAMILY = "1,2";
			};
			name = Debug;
		};
		5347D6762C58D64200FEB0A5 /* Release */ = {
			isa = XCBuildConfiguration;
			buildSettings = {
				ASSETCATALOG_COMPILER_APPICON_NAME = AppIcon;
				ASSETCATALOG_COMPILER_GLOBAL_ACCENT_COLOR_NAME = AccentColor;
				CODE_SIGN_STYLE = Automatic;
				CURRENT_PROJECT_VERSION = 1;
				DEVELOPMENT_TEAM = CX8P4D8Z7M;
				GENERATE_INFOPLIST_FILE = YES;
				INFOPLIST_FILE = Sesac_RxSwift_Practice/Info.plist;
				INFOPLIST_KEY_UIApplicationSupportsIndirectInputEvents = YES;
				INFOPLIST_KEY_UILaunchStoryboardName = LaunchScreen;
				INFOPLIST_KEY_UIMainStoryboardFile = Main;
				INFOPLIST_KEY_UISupportedInterfaceOrientations_iPad = "UIInterfaceOrientationPortrait UIInterfaceOrientationPortraitUpsideDown UIInterfaceOrientationLandscapeLeft UIInterfaceOrientationLandscapeRight";
				INFOPLIST_KEY_UISupportedInterfaceOrientations_iPhone = "UIInterfaceOrientationPortrait UIInterfaceOrientationLandscapeLeft UIInterfaceOrientationLandscapeRight";
				LD_RUNPATH_SEARCH_PATHS = (
					"$(inherited)",
					"@executable_path/Frameworks",
				);
				MARKETING_VERSION = 1.0;
				PRODUCT_BUNDLE_IDENTIFIER = "sk.Sesac-RxSwift-Practice";
				PRODUCT_NAME = "$(TARGET_NAME)";
				SWIFT_EMIT_LOC_STRINGS = YES;
				SWIFT_VERSION = 5.0;
				TARGETED_DEVICE_FAMILY = "1,2";
			};
			name = Release;
		};
/* End XCBuildConfiguration section */

/* Begin XCConfigurationList section */
		5347D65B2C58D63F00FEB0A5 /* Build configuration list for PBXProject "Sesac_RxSwift_Practice" */ = {
			isa = XCConfigurationList;
			buildConfigurations = (
				5347D6722C58D64200FEB0A5 /* Debug */,
				5347D6732C58D64200FEB0A5 /* Release */,
			);
			defaultConfigurationIsVisible = 0;
			defaultConfigurationName = Release;
		};
		5347D6742C58D64200FEB0A5 /* Build configuration list for PBXNativeTarget "Sesac_RxSwift_Practice" */ = {
			isa = XCConfigurationList;
			buildConfigurations = (
				5347D6752C58D64200FEB0A5 /* Debug */,
				5347D6762C58D64200FEB0A5 /* Release */,
			);
			defaultConfigurationIsVisible = 0;
			defaultConfigurationName = Release;
		};
/* End XCConfigurationList section */

/* Begin XCRemoteSwiftPackageReference section */
		5347D6772C58DC5900FEB0A5 /* XCRemoteSwiftPackageReference "SnapKit" */ = {
			isa = XCRemoteSwiftPackageReference;
			repositoryURL = "https://github.com/SnapKit/SnapKit.git";
			requirement = {
				kind = upToNextMajorVersion;
				minimumVersion = 5.7.1;
			};
		};
		5347D67A2C58DC6700FEB0A5 /* XCRemoteSwiftPackageReference "RxSwift" */ = {
			isa = XCRemoteSwiftPackageReference;
			repositoryURL = "https://github.com/ReactiveX/RxSwift.git";
			requirement = {
				kind = upToNextMajorVersion;
				minimumVersion = 6.7.1;
			};
		};
/* End XCRemoteSwiftPackageReference section */

/* Begin XCSwiftPackageProductDependency section */
		5347D6782C58DC5900FEB0A5 /* SnapKit */ = {
			isa = XCSwiftPackageProductDependency;
			package = 5347D6772C58DC5900FEB0A5 /* XCRemoteSwiftPackageReference "SnapKit" */;
			productName = SnapKit;
		};
		5347D67B2C58DC6700FEB0A5 /* RxCocoa */ = {
			isa = XCSwiftPackageProductDependency;
			package = 5347D67A2C58DC6700FEB0A5 /* XCRemoteSwiftPackageReference "RxSwift" */;
			productName = RxCocoa;
		};
		5347D67D2C58DC6700FEB0A5 /* RxSwift */ = {
			isa = XCSwiftPackageProductDependency;
			package = 5347D67A2C58DC6700FEB0A5 /* XCRemoteSwiftPackageReference "RxSwift" */;
			productName = RxSwift;
		};
/* End XCSwiftPackageProductDependency section */
	};
	rootObject = 5347D6582C58D63F00FEB0A5 /* Project object */;
}
