// !$*UTF8*$!
{
	archiveVersion = 1;
	classes = {
	};
	objectVersion = 56;
	objects = {

/* Begin PBXBuildFile section */
		535175202C85D1F4007A6D7B /* SwiftUIPracticeApp.swift in Sources */ = {isa = PBXBuildFile; fileRef = 5351751F2C85D1F4007A6D7B /* SwiftUIPracticeApp.swift */; };
		535175222C85D1F4007A6D7B /* ContentView.swift in Sources */ = {isa = PBXBuildFile; fileRef = 535175212C85D1F4007A6D7B /* ContentView.swift */; };
		535175242C85D1F6007A6D7B /* Assets.xcassets in Resources */ = {isa = PBXBuildFile; fileRef = 535175232C85D1F6007A6D7B /* Assets.xcassets */; };
		535175272C85D1F6007A6D7B /* Preview Assets.xcassets in Resources */ = {isa = PBXBuildFile; fileRef = 535175262C85D1F6007A6D7B /* Preview Assets.xcassets */; };
		5351752E2C85D222007A6D7B /* LaunchScreenView.swift in Sources */ = {isa = PBXBuildFile; fileRef = 5351752D2C85D222007A6D7B /* LaunchScreenView.swift */; };
		535175302C861EDA007A6D7B /* MBTIView.swift in Sources */ = {isa = PBXBuildFile; fileRef = 5351752F2C861EDA007A6D7B /* MBTIView.swift */; };
		535175322C862C09007A6D7B /* FinishView.swift in Sources */ = {isa = PBXBuildFile; fileRef = 535175312C862C09007A6D7B /* FinishView.swift */; };
		535175342C862D30007A6D7B /* ProfileView.swift in Sources */ = {isa = PBXBuildFile; fileRef = 535175332C862D30007A6D7B /* ProfileView.swift */; };
		536DF1EA2C8724FF0005C0B0 /* SearchBitCoinView.swift in Sources */ = {isa = PBXBuildFile; fileRef = 536DF1E92C8724FF0005C0B0 /* SearchBitCoinView.swift */; };
		536DF1ED2C8729A00005C0B0 /* Market.swift in Sources */ = {isa = PBXBuildFile; fileRef = 536DF1EC2C8729A00005C0B0 /* Market.swift */; };
		536DF1EF2C8729B70005C0B0 /* UpbitAPI.swift in Sources */ = {isa = PBXBuildFile; fileRef = 536DF1EE2C8729B70005C0B0 /* UpbitAPI.swift */; };
		53F54AB52C89B7DF005374C4 /* CategoryView.swift in Sources */ = {isa = PBXBuildFile; fileRef = 53F54AAE2C89B7DF005374C4 /* CategoryView.swift */; };
		53F54AB62C89B7DF005374C4 /* NavigationBarWrapper.swift in Sources */ = {isa = PBXBuildFile; fileRef = 53F54AAF2C89B7DF005374C4 /* NavigationBarWrapper.swift */; };
		53F54AB72C89B7DF005374C4 /* DetailRandomImageVIew.swift in Sources */ = {isa = PBXBuildFile; fileRef = 53F54AB12C89B7DF005374C4 /* DetailRandomImageVIew.swift */; };
		53F54AB82C89B7DF005374C4 /* NavigationLazyView.swift in Sources */ = {isa = PBXBuildFile; fileRef = 53F54AB22C89B7DF005374C4 /* NavigationLazyView.swift */; };
		53F54AB92C89B7DF005374C4 /* RandomImageView.swift in Sources */ = {isa = PBXBuildFile; fileRef = 53F54AB32C89B7DF005374C4 /* RandomImageView.swift */; };
/* End PBXBuildFile section */

/* Begin PBXFileReference section */
		5351751C2C85D1F4007A6D7B /* SwiftUIPractice.app */ = {isa = PBXFileReference; explicitFileType = wrapper.application; includeInIndex = 0; path = SwiftUIPractice.app; sourceTree = BUILT_PRODUCTS_DIR; };
		5351751F2C85D1F4007A6D7B /* SwiftUIPracticeApp.swift */ = {isa = PBXFileReference; lastKnownFileType = sourcecode.swift; path = SwiftUIPracticeApp.swift; sourceTree = "<group>"; };
		535175212C85D1F4007A6D7B /* ContentView.swift */ = {isa = PBXFileReference; lastKnownFileType = sourcecode.swift; path = ContentView.swift; sourceTree = "<group>"; };
		535175232C85D1F6007A6D7B /* Assets.xcassets */ = {isa = PBXFileReference; lastKnownFileType = folder.assetcatalog; path = Assets.xcassets; sourceTree = "<group>"; };
		535175262C85D1F6007A6D7B /* Preview Assets.xcassets */ = {isa = PBXFileReference; lastKnownFileType = folder.assetcatalog; path = "Preview Assets.xcassets"; sourceTree = "<group>"; };
		5351752D2C85D222007A6D7B /* LaunchScreenView.swift */ = {isa = PBXFileReference; lastKnownFileType = sourcecode.swift; path = LaunchScreenView.swift; sourceTree = "<group>"; };
		5351752F2C861EDA007A6D7B /* MBTIView.swift */ = {isa = PBXFileReference; lastKnownFileType = sourcecode.swift; path = MBTIView.swift; sourceTree = "<group>"; };
		535175312C862C09007A6D7B /* FinishView.swift */ = {isa = PBXFileReference; lastKnownFileType = sourcecode.swift; path = FinishView.swift; sourceTree = "<group>"; };
		535175332C862D30007A6D7B /* ProfileView.swift */ = {isa = PBXFileReference; lastKnownFileType = sourcecode.swift; path = ProfileView.swift; sourceTree = "<group>"; };
		536DF1E92C8724FF0005C0B0 /* SearchBitCoinView.swift */ = {isa = PBXFileReference; lastKnownFileType = sourcecode.swift; path = SearchBitCoinView.swift; sourceTree = "<group>"; };
		536DF1EC2C8729A00005C0B0 /* Market.swift */ = {isa = PBXFileReference; lastKnownFileType = sourcecode.swift; path = Market.swift; sourceTree = "<group>"; };
		536DF1EE2C8729B70005C0B0 /* UpbitAPI.swift */ = {isa = PBXFileReference; lastKnownFileType = sourcecode.swift; path = UpbitAPI.swift; sourceTree = "<group>"; };
		53F54AAE2C89B7DF005374C4 /* CategoryView.swift */ = {isa = PBXFileReference; fileEncoding = 4; lastKnownFileType = sourcecode.swift; path = CategoryView.swift; sourceTree = "<group>"; };
		53F54AAF2C89B7DF005374C4 /* NavigationBarWrapper.swift */ = {isa = PBXFileReference; fileEncoding = 4; lastKnownFileType = sourcecode.swift; path = NavigationBarWrapper.swift; sourceTree = "<group>"; };
		53F54AB12C89B7DF005374C4 /* DetailRandomImageVIew.swift */ = {isa = PBXFileReference; fileEncoding = 4; lastKnownFileType = sourcecode.swift; path = DetailRandomImageVIew.swift; sourceTree = "<group>"; };
		53F54AB22C89B7DF005374C4 /* NavigationLazyView.swift */ = {isa = PBXFileReference; fileEncoding = 4; lastKnownFileType = sourcecode.swift; path = NavigationLazyView.swift; sourceTree = "<group>"; };
		53F54AB32C89B7DF005374C4 /* RandomImageView.swift */ = {isa = PBXFileReference; fileEncoding = 4; lastKnownFileType = sourcecode.swift; path = RandomImageView.swift; sourceTree = "<group>"; };
/* End PBXFileReference section */

/* Begin PBXFrameworksBuildPhase section */
		535175192C85D1F4007A6D7B /* Frameworks */ = {
			isa = PBXFrameworksBuildPhase;
			buildActionMask = 2147483647;
			files = (
			);
			runOnlyForDeploymentPostprocessing = 0;
		};
/* End PBXFrameworksBuildPhase section */

/* Begin PBXGroup section */
		535175132C85D1F4007A6D7B = {
			isa = PBXGroup;
			children = (
				5351751E2C85D1F4007A6D7B /* SwiftUIPractice */,
				5351751D2C85D1F4007A6D7B /* Products */,
			);
			sourceTree = "<group>";
		};
		5351751D2C85D1F4007A6D7B /* Products */ = {
			isa = PBXGroup;
			children = (
				5351751C2C85D1F4007A6D7B /* SwiftUIPractice.app */,
			);
			name = Products;
			sourceTree = "<group>";
		};
		5351751E2C85D1F4007A6D7B /* SwiftUIPractice */ = {
			isa = PBXGroup;
			children = (
				53F54AB22C89B7DF005374C4 /* NavigationLazyView.swift */,
				536DF1EB2C87298F0005C0B0 /* BitCoin */,
				5351751F2C85D1F4007A6D7B /* SwiftUIPracticeApp.swift */,
				535175212C85D1F4007A6D7B /* ContentView.swift */,
				535175232C85D1F6007A6D7B /* Assets.xcassets */,
				535175252C85D1F6007A6D7B /* Preview Content */,
				5351752D2C85D222007A6D7B /* LaunchScreenView.swift */,
				5351752F2C861EDA007A6D7B /* MBTIView.swift */,
				535175312C862C09007A6D7B /* FinishView.swift */,
				535175332C862D30007A6D7B /* ProfileView.swift */,
				53F54AB02C89B7DF005374C4 /* Category */,
				53F54AB42C89B7DF005374C4 /* MyRandomImage */,
			);
			path = SwiftUIPractice;
			sourceTree = "<group>";
		};
		535175252C85D1F6007A6D7B /* Preview Content */ = {
			isa = PBXGroup;
			children = (
				535175262C85D1F6007A6D7B /* Preview Assets.xcassets */,
			);
			path = "Preview Content";
			sourceTree = "<group>";
		};
		536DF1EB2C87298F0005C0B0 /* BitCoin */ = {
			isa = PBXGroup;
			children = (
				536DF1E92C8724FF0005C0B0 /* SearchBitCoinView.swift */,
				536DF1EC2C8729A00005C0B0 /* Market.swift */,
				536DF1EE2C8729B70005C0B0 /* UpbitAPI.swift */,
			);
			path = BitCoin;
			sourceTree = "<group>";
		};
		53F54AB02C89B7DF005374C4 /* Category */ = {
			isa = PBXGroup;
			children = (
				53F54AAE2C89B7DF005374C4 /* CategoryView.swift */,
				53F54AAF2C89B7DF005374C4 /* NavigationBarWrapper.swift */,
			);
			path = Category;
			sourceTree = "<group>";
		};
		53F54AB42C89B7DF005374C4 /* MyRandomImage */ = {
			isa = PBXGroup;
			children = (
				53F54AB12C89B7DF005374C4 /* DetailRandomImageVIew.swift */,
				53F54AB32C89B7DF005374C4 /* RandomImageView.swift */,
			);
			path = MyRandomImage;
			sourceTree = "<group>";
		};
/* End PBXGroup section */

/* Begin PBXNativeTarget section */
		5351751B2C85D1F4007A6D7B /* SwiftUIPractice */ = {
			isa = PBXNativeTarget;
			buildConfigurationList = 5351752A2C85D1F6007A6D7B /* Build configuration list for PBXNativeTarget "SwiftUIPractice" */;
			buildPhases = (
				535175182C85D1F4007A6D7B /* Sources */,
				535175192C85D1F4007A6D7B /* Frameworks */,
				5351751A2C85D1F4007A6D7B /* Resources */,
			);
			buildRules = (
			);
			dependencies = (
			);
			name = SwiftUIPractice;
			productName = SwiftUIPractice;
			productReference = 5351751C2C85D1F4007A6D7B /* SwiftUIPractice.app */;
			productType = "com.apple.product-type.application";
		};
/* End PBXNativeTarget section */

/* Begin PBXProject section */
		535175142C85D1F4007A6D7B /* Project object */ = {
			isa = PBXProject;
			attributes = {
				BuildIndependentTargetsInParallel = 1;
				LastSwiftUpdateCheck = 1530;
				LastUpgradeCheck = 1530;
				TargetAttributes = {
					5351751B2C85D1F4007A6D7B = {
						CreatedOnToolsVersion = 15.3;
					};
				};
			};
			buildConfigurationList = 535175172C85D1F4007A6D7B /* Build configuration list for PBXProject "SwiftUIPractice" */;
			compatibilityVersion = "Xcode 14.0";
			developmentRegion = en;
			hasScannedForEncodings = 0;
			knownRegions = (
				en,
				Base,
			);
			mainGroup = 535175132C85D1F4007A6D7B;
			productRefGroup = 5351751D2C85D1F4007A6D7B /* Products */;
			projectDirPath = "";
			projectRoot = "";
			targets = (
				5351751B2C85D1F4007A6D7B /* SwiftUIPractice */,
			);
		};
/* End PBXProject section */

/* Begin PBXResourcesBuildPhase section */
		5351751A2C85D1F4007A6D7B /* Resources */ = {
			isa = PBXResourcesBuildPhase;
			buildActionMask = 2147483647;
			files = (
				535175272C85D1F6007A6D7B /* Preview Assets.xcassets in Resources */,
				535175242C85D1F6007A6D7B /* Assets.xcassets in Resources */,
			);
			runOnlyForDeploymentPostprocessing = 0;
		};
/* End PBXResourcesBuildPhase section */

/* Begin PBXSourcesBuildPhase section */
		535175182C85D1F4007A6D7B /* Sources */ = {
			isa = PBXSourcesBuildPhase;
			buildActionMask = 2147483647;
			files = (
				535175302C861EDA007A6D7B /* MBTIView.swift in Sources */,
				536DF1EF2C8729B70005C0B0 /* UpbitAPI.swift in Sources */,
				53F54AB62C89B7DF005374C4 /* NavigationBarWrapper.swift in Sources */,
				53F54AB82C89B7DF005374C4 /* NavigationLazyView.swift in Sources */,
				535175322C862C09007A6D7B /* FinishView.swift in Sources */,
				53F54AB72C89B7DF005374C4 /* DetailRandomImageVIew.swift in Sources */,
				5351752E2C85D222007A6D7B /* LaunchScreenView.swift in Sources */,
				53F54AB92C89B7DF005374C4 /* RandomImageView.swift in Sources */,
				53F54AB52C89B7DF005374C4 /* CategoryView.swift in Sources */,
				536DF1EA2C8724FF0005C0B0 /* SearchBitCoinView.swift in Sources */,
				535175222C85D1F4007A6D7B /* ContentView.swift in Sources */,
				535175342C862D30007A6D7B /* ProfileView.swift in Sources */,
				535175202C85D1F4007A6D7B /* SwiftUIPracticeApp.swift in Sources */,
				536DF1ED2C8729A00005C0B0 /* Market.swift in Sources */,
			);
			runOnlyForDeploymentPostprocessing = 0;
		};
/* End PBXSourcesBuildPhase section */

/* Begin XCBuildConfiguration section */
		535175282C85D1F6007A6D7B /* Debug */ = {
			isa = XCBuildConfiguration;
			buildSettings = {
				ALWAYS_SEARCH_USER_PATHS = NO;
				ASSETCATALOG_COMPILER_GENERATE_SWIFT_ASSET_SYMBOL_EXTENSIONS = YES;
				CLANG_ANALYZER_NONNULL = YES;
				CLANG_ANALYZER_NUMBER_OBJECT_CONVERSION = YES_AGGRESSIVE;
				CLANG_CXX_LANGUAGE_STANDARD = "gnu++20";
				CLANG_ENABLE_MODULES = YES;
				CLANG_ENABLE_OBJC_ARC = YES;
				CLANG_ENABLE_OBJC_WEAK = YES;
				CLANG_WARN_BLOCK_CAPTURE_AUTORELEASING = YES;
				CLANG_WARN_BOOL_CONVERSION = YES;
				CLANG_WARN_COMMA = YES;
				CLANG_WARN_CONSTANT_CONVERSION = YES;
				CLANG_WARN_DEPRECATED_OBJC_IMPLEMENTATIONS = YES;
				CLANG_WARN_DIRECT_OBJC_ISA_USAGE = YES_ERROR;
				CLANG_WARN_DOCUMENTATION_COMMENTS = YES;
				CLANG_WARN_EMPTY_BODY = YES;
				CLANG_WARN_ENUM_CONVERSION = YES;
				CLANG_WARN_INFINITE_RECURSION = YES;
				CLANG_WARN_INT_CONVERSION = YES;
				CLANG_WARN_NON_LITERAL_NULL_CONVERSION = YES;
				CLANG_WARN_OBJC_IMPLICIT_RETAIN_SELF = YES;
				CLANG_WARN_OBJC_LITERAL_CONVERSION = YES;
				CLANG_WARN_OBJC_ROOT_CLASS = YES_ERROR;
				CLANG_WARN_QUOTED_INCLUDE_IN_FRAMEWORK_HEADER = YES;
				CLANG_WARN_RANGE_LOOP_ANALYSIS = YES;
				CLANG_WARN_STRICT_PROTOTYPES = YES;
				CLANG_WARN_SUSPICIOUS_MOVE = YES;
				CLANG_WARN_UNGUARDED_AVAILABILITY = YES_AGGRESSIVE;
				CLANG_WARN_UNREACHABLE_CODE = YES;
				CLANG_WARN__DUPLICATE_METHOD_MATCH = YES;
				COPY_PHASE_STRIP = NO;
				DEBUG_INFORMATION_FORMAT = dwarf;
				ENABLE_STRICT_OBJC_MSGSEND = YES;
				ENABLE_TESTABILITY = YES;
				ENABLE_USER_SCRIPT_SANDBOXING = YES;
				GCC_C_LANGUAGE_STANDARD = gnu17;
				GCC_DYNAMIC_NO_PIC = NO;
				GCC_NO_COMMON_BLOCKS = YES;
				GCC_OPTIMIZATION_LEVEL = 0;
				GCC_PREPROCESSOR_DEFINITIONS = (
					"DEBUG=1",
					"$(inherited)",
				);
				GCC_WARN_64_TO_32_BIT_CONVERSION = YES;
				GCC_WARN_ABOUT_RETURN_TYPE = YES_ERROR;
				GCC_WARN_UNDECLARED_SELECTOR = YES;
				GCC_WARN_UNINITIALIZED_AUTOS = YES_AGGRESSIVE;
				GCC_WARN_UNUSED_FUNCTION = YES;
				GCC_WARN_UNUSED_VARIABLE = YES;
				IPHONEOS_DEPLOYMENT_TARGET = 17.4;
				LOCALIZATION_PREFERS_STRING_CATALOGS = YES;
				MTL_ENABLE_DEBUG_INFO = INCLUDE_SOURCE;
				MTL_FAST_MATH = YES;
				ONLY_ACTIVE_ARCH = YES;
				SDKROOT = iphoneos;
				SWIFT_ACTIVE_COMPILATION_CONDITIONS = "DEBUG $(inherited)";
				SWIFT_OPTIMIZATION_LEVEL = "-Onone";
			};
			name = Debug;
		};
		535175292C85D1F6007A6D7B /* Release */ = {
			isa = XCBuildConfiguration;
			buildSettings = {
				ALWAYS_SEARCH_USER_PATHS = NO;
				ASSETCATALOG_COMPILER_GENERATE_SWIFT_ASSET_SYMBOL_EXTENSIONS = YES;
				CLANG_ANALYZER_NONNULL = YES;
				CLANG_ANALYZER_NUMBER_OBJECT_CONVERSION = YES_AGGRESSIVE;
				CLANG_CXX_LANGUAGE_STANDARD = "gnu++20";
				CLANG_ENABLE_MODULES = YES;
				CLANG_ENABLE_OBJC_ARC = YES;
				CLANG_ENABLE_OBJC_WEAK = YES;
				CLANG_WARN_BLOCK_CAPTURE_AUTORELEASING = YES;
				CLANG_WARN_BOOL_CONVERSION = YES;
				CLANG_WARN_COMMA = YES;
				CLANG_WARN_CONSTANT_CONVERSION = YES;
				CLANG_WARN_DEPRECATED_OBJC_IMPLEMENTATIONS = YES;
				CLANG_WARN_DIRECT_OBJC_ISA_USAGE = YES_ERROR;
				CLANG_WARN_DOCUMENTATION_COMMENTS = YES;
				CLANG_WARN_EMPTY_BODY = YES;
				CLANG_WARN_ENUM_CONVERSION = YES;
				CLANG_WARN_INFINITE_RECURSION = YES;
				CLANG_WARN_INT_CONVERSION = YES;
				CLANG_WARN_NON_LITERAL_NULL_CONVERSION = YES;
				CLANG_WARN_OBJC_IMPLICIT_RETAIN_SELF = YES;
				CLANG_WARN_OBJC_LITERAL_CONVERSION = YES;
				CLANG_WARN_OBJC_ROOT_CLASS = YES_ERROR;
				CLANG_WARN_QUOTED_INCLUDE_IN_FRAMEWORK_HEADER = YES;
				CLANG_WARN_RANGE_LOOP_ANALYSIS = YES;
				CLANG_WARN_STRICT_PROTOTYPES = YES;
				CLANG_WARN_SUSPICIOUS_MOVE = YES;
				CLANG_WARN_UNGUARDED_AVAILABILITY = YES_AGGRESSIVE;
				CLANG_WARN_UNREACHABLE_CODE = YES;
				CLANG_WARN__DUPLICATE_METHOD_MATCH = YES;
				COPY_PHASE_STRIP = NO;
				DEBUG_INFORMATION_FORMAT = "dwarf-with-dsym";
				ENABLE_NS_ASSERTIONS = NO;
				ENABLE_STRICT_OBJC_MSGSEND = YES;
				ENABLE_USER_SCRIPT_SANDBOXING = YES;
				GCC_C_LANGUAGE_STANDARD = gnu17;
				GCC_NO_COMMON_BLOCKS = YES;
				GCC_WARN_64_TO_32_BIT_CONVERSION = YES;
				GCC_WARN_ABOUT_RETURN_TYPE = YES_ERROR;
				GCC_WARN_UNDECLARED_SELECTOR = YES;
				GCC_WARN_UNINITIALIZED_AUTOS = YES_AGGRESSIVE;
				GCC_WARN_UNUSED_FUNCTION = YES;
				GCC_WARN_UNUSED_VARIABLE = YES;
				IPHONEOS_DEPLOYMENT_TARGET = 17.4;
				LOCALIZATION_PREFERS_STRING_CATALOGS = YES;
				MTL_ENABLE_DEBUG_INFO = NO;
				MTL_FAST_MATH = YES;
				SDKROOT = iphoneos;
				SWIFT_COMPILATION_MODE = wholemodule;
				VALIDATE_PRODUCT = YES;
			};
			name = Release;
		};
		5351752B2C85D1F6007A6D7B /* Debug */ = {
			isa = XCBuildConfiguration;
			buildSettings = {
				ASSETCATALOG_COMPILER_APPICON_NAME = AppIcon;
				ASSETCATALOG_COMPILER_GLOBAL_ACCENT_COLOR_NAME = AccentColor;
				CODE_SIGN_STYLE = Automatic;
				CURRENT_PROJECT_VERSION = 1;
				DEVELOPMENT_ASSET_PATHS = "\"SwiftUIPractice/Preview Content\"";
				DEVELOPMENT_TEAM = CX8P4D8Z7M;
				ENABLE_PREVIEWS = YES;
				GENERATE_INFOPLIST_FILE = YES;
				INFOPLIST_KEY_UIApplicationSceneManifest_Generation = YES;
				INFOPLIST_KEY_UIApplicationSupportsIndirectInputEvents = YES;
				INFOPLIST_KEY_UILaunchScreen_Generation = YES;
				INFOPLIST_KEY_UISupportedInterfaceOrientations_iPad = "UIInterfaceOrientationPortrait UIInterfaceOrientationPortraitUpsideDown UIInterfaceOrientationLandscapeLeft UIInterfaceOrientationLandscapeRight";
				INFOPLIST_KEY_UISupportedInterfaceOrientations_iPhone = "UIInterfaceOrientationPortrait UIInterfaceOrientationLandscapeLeft UIInterfaceOrientationLandscapeRight";
				LD_RUNPATH_SEARCH_PATHS = (
					"$(inherited)",
					"@executable_path/Frameworks",
				);
				MARKETING_VERSION = 1.0;
				PRODUCT_BUNDLE_IDENTIFIER = sk.SwiftUIPractice;
				PRODUCT_NAME = "$(TARGET_NAME)";
				SWIFT_EMIT_LOC_STRINGS = YES;
				SWIFT_VERSION = 5.0;
				TARGETED_DEVICE_FAMILY = "1,2";
			};
			name = Debug;
		};
		5351752C2C85D1F6007A6D7B /* Release */ = {
			isa = XCBuildConfiguration;
			buildSettings = {
				ASSETCATALOG_COMPILER_APPICON_NAME = AppIcon;
				ASSETCATALOG_COMPILER_GLOBAL_ACCENT_COLOR_NAME = AccentColor;
				CODE_SIGN_STYLE = Automatic;
				CURRENT_PROJECT_VERSION = 1;
				DEVELOPMENT_ASSET_PATHS = "\"SwiftUIPractice/Preview Content\"";
				DEVELOPMENT_TEAM = CX8P4D8Z7M;
				ENABLE_PREVIEWS = YES;
				GENERATE_INFOPLIST_FILE = YES;
				INFOPLIST_KEY_UIApplicationSceneManifest_Generation = YES;
				INFOPLIST_KEY_UIApplicationSupportsIndirectInputEvents = YES;
				INFOPLIST_KEY_UILaunchScreen_Generation = YES;
				INFOPLIST_KEY_UISupportedInterfaceOrientations_iPad = "UIInterfaceOrientationPortrait UIInterfaceOrientationPortraitUpsideDown UIInterfaceOrientationLandscapeLeft UIInterfaceOrientationLandscapeRight";
				INFOPLIST_KEY_UISupportedInterfaceOrientations_iPhone = "UIInterfaceOrientationPortrait UIInterfaceOrientationLandscapeLeft UIInterfaceOrientationLandscapeRight";
				LD_RUNPATH_SEARCH_PATHS = (
					"$(inherited)",
					"@executable_path/Frameworks",
				);
				MARKETING_VERSION = 1.0;
				PRODUCT_BUNDLE_IDENTIFIER = sk.SwiftUIPractice;
				PRODUCT_NAME = "$(TARGET_NAME)";
				SWIFT_EMIT_LOC_STRINGS = YES;
				SWIFT_VERSION = 5.0;
				TARGETED_DEVICE_FAMILY = "1,2";
			};
			name = Release;
		};
/* End XCBuildConfiguration section */

/* Begin XCConfigurationList section */
		535175172C85D1F4007A6D7B /* Build configuration list for PBXProject "SwiftUIPractice" */ = {
			isa = XCConfigurationList;
			buildConfigurations = (
				535175282C85D1F6007A6D7B /* Debug */,
				535175292C85D1F6007A6D7B /* Release */,
			);
			defaultConfigurationIsVisible = 0;
			defaultConfigurationName = Release;
		};
		5351752A2C85D1F6007A6D7B /* Build configuration list for PBXNativeTarget "SwiftUIPractice" */ = {
			isa = XCConfigurationList;
			buildConfigurations = (
				5351752B2C85D1F6007A6D7B /* Debug */,
				5351752C2C85D1F6007A6D7B /* Release */,
			);
			defaultConfigurationIsVisible = 0;
			defaultConfigurationName = Release;
		};
/* End XCConfigurationList section */
	};
	rootObject = 535175142C85D1F4007A6D7B /* Project object */;
}
